// !$*UTF8*$!
{
	archiveVersion = 1;
	classes = {
	};
	objectVersion = 55;
	objects = {

/* Begin PBXBuildFile section */
		CB1DBAC828506B7B0059025D /* ProgressElements.swift in Sources */ = {isa = PBXBuildFile; fileRef = CB1DBAC728506B7B0059025D /* ProgressElements.swift */; };
		CB279145281A01C700D2E65E /* LocationController.swift in Sources */ = {isa = PBXBuildFile; fileRef = CB279144281A01C700D2E65E /* LocationController.swift */; };
		CB279149281BA70E00D2E65E /* Codable.swift in Sources */ = {isa = PBXBuildFile; fileRef = CB279148281BA70E00D2E65E /* Codable.swift */; };
		CB37CD6028684AF100A7AE33 /* SyncController.swift in Sources */ = {isa = PBXBuildFile; fileRef = CB37CD5F28684AF100A7AE33 /* SyncController.swift */; };
		CB430A5628237F4A00B7EB8C /* EventListElement.swift in Sources */ = {isa = PBXBuildFile; fileRef = CB430A5528237F4A00B7EB8C /* EventListElement.swift */; };
		CB430A592823DF0B00B7EB8C /* HelpView.swift in Sources */ = {isa = PBXBuildFile; fileRef = CB430A582823DF0B00B7EB8C /* HelpView.swift */; };
		CB4D46DD281BD6BB00B3BF4A /* ParkRun.xcdatamodeld in Sources */ = {isa = PBXBuildFile; fileRef = CB4D46DB281BD6BB00B3BF4A /* ParkRun.xcdatamodeld */; };
		CB4D46E5281CD95D00B3BF4A /* Meta.swift in Sources */ = {isa = PBXBuildFile; fileRef = CB4D46E4281CD95D00B3BF4A /* Meta.swift */; };
		CB4D46E7281CDB0300B3BF4A /* MetaController.swift in Sources */ = {isa = PBXBuildFile; fileRef = CB4D46E6281CDB0300B3BF4A /* MetaController.swift */; };
		CB4D46EA281D179000B3BF4A /* SetupView.swift in Sources */ = {isa = PBXBuildFile; fileRef = CB4D46E9281D179000B3BF4A /* SetupView.swift */; };
		CB4D46EF281D1A8300B3BF4A /* CardElement.swift in Sources */ = {isa = PBXBuildFile; fileRef = CB4D46EE281D1A8300B3BF4A /* CardElement.swift */; };
		CB4D46F5281D25C800B3BF4A /* Prefix.swift in Sources */ = {isa = PBXBuildFile; fileRef = CB4D46F4281D25C800B3BF4A /* Prefix.swift */; };
		CB4D46F7281D2BC300B3BF4A /* DesignController.swift in Sources */ = {isa = PBXBuildFile; fileRef = CB4D46F6281D2BC300B3BF4A /* DesignController.swift */; };
		CB4D46F9281DDA0400B3BF4A /* SetupDetailsElement.swift in Sources */ = {isa = PBXBuildFile; fileRef = CB4D46F8281DDA0400B3BF4A /* SetupDetailsElement.swift */; };
		CB4D46FC281E397E00B3BF4A /* TextElements.swift in Sources */ = {isa = PBXBuildFile; fileRef = CB4D46FB281E397E00B3BF4A /* TextElements.swift */; };
		CB4D46FE281E3B6800B3BF4A /* WelcomeView.swift in Sources */ = {isa = PBXBuildFile; fileRef = CB4D46FD281E3B6800B3BF4A /* WelcomeView.swift */; };
		CB4D4700281EA1FF00B3BF4A /* GeneralElements.swift in Sources */ = {isa = PBXBuildFile; fileRef = CB4D46FF281EA1FF00B3BF4A /* GeneralElements.swift */; };
		CB4D4703281FABFF00B3BF4A /* EventView.swift in Sources */ = {isa = PBXBuildFile; fileRef = CB4D4702281FABFF00B3BF4A /* EventView.swift */; };
		CB4D4706281FB04C00B3BF4A /* EventLocationElement.swift in Sources */ = {isa = PBXBuildFile; fileRef = CB4D4705281FB04C00B3BF4A /* EventLocationElement.swift */; };
		CB54FA6A286EA2D1008BA45F /* Sync.swift in Sources */ = {isa = PBXBuildFile; fileRef = CB54FA69286EA2D1008BA45F /* Sync.swift */; };
		CB7483072855E2BB00BB0C48 /* MapView.swift in Sources */ = {isa = PBXBuildFile; fileRef = CB7483062855E2BB00BB0C48 /* MapView.swift */; };
		CB7483112855EB8D00BB0C48 /* Course.swift in Sources */ = {isa = PBXBuildFile; fileRef = CB7483102855EB8D00BB0C48 /* Course.swift */; };
		CB82E79C28277043000881BA /* InputConfirmationElement.swift in Sources */ = {isa = PBXBuildFile; fileRef = CB82E79B28277043000881BA /* InputConfirmationElement.swift */; };
		CB82E79E28278261000881BA /* RunnerController.swift in Sources */ = {isa = PBXBuildFile; fileRef = CB82E79D28278261000881BA /* RunnerController.swift */; };
		CB82E7A028288513000881BA /* ProfileElements.swift in Sources */ = {isa = PBXBuildFile; fileRef = CB82E79F28288513000881BA /* ProfileElements.swift */; };
		CB8A399E2830DE8B008A7474 /* Errors.swift in Sources */ = {isa = PBXBuildFile; fileRef = CB8A399D2830DE8B008A7474 /* Errors.swift */; };
		CB8A39A02830F7EA008A7474 /* ButtonElements.swift in Sources */ = {isa = PBXBuildFile; fileRef = CB8A399F2830F7EA008A7474 /* ButtonElements.swift */; };
		CB920531285194C700C9A693 /* Refreshable.swift in Sources */ = {isa = PBXBuildFile; fileRef = CB920530285194C700C9A693 /* Refreshable.swift */; };
		CB9205332851FB2E00C9A693 /* MainProgressElement.swift in Sources */ = {isa = PBXBuildFile; fileRef = CB9205322851FB2E00C9A693 /* MainProgressElement.swift */; };
		CB9CFEA4285FF8C500002E71 /* master.json in Resources */ = {isa = PBXBuildFile; fileRef = CB9CFEA3285FF8C500002E71 /* master.json */; };
		CBAE8F0E27F7CECE00A66830 /* ParkRun.app in Embed Watch Content */ = {isa = PBXBuildFile; fileRef = CBAE8F0D27F7CECE00A66830 /* ParkRun.app */; settings = {ATTRIBUTES = (RemoveHeadersOnCopy, ); }; };
		CBAE8F1327F7CED000A66830 /* Assets.xcassets in Resources */ = {isa = PBXBuildFile; fileRef = CBAE8F1227F7CED000A66830 /* Assets.xcassets */; };
		CBAE8F1927F7CED100A66830 /* ParkRun WatchKit Extension.appex in Embed App Extensions */ = {isa = PBXBuildFile; fileRef = CBAE8F1827F7CED100A66830 /* ParkRun WatchKit Extension.appex */; settings = {ATTRIBUTES = (RemoveHeadersOnCopy, ); }; };
		CBAE8F1E27F7CED100A66830 /* ParkRunApp.swift in Sources */ = {isa = PBXBuildFile; fileRef = CBAE8F1D27F7CED100A66830 /* ParkRunApp.swift */; };
		CBAE8F2027F7CED100A66830 /* MainView.swift in Sources */ = {isa = PBXBuildFile; fileRef = CBAE8F1F27F7CED100A66830 /* MainView.swift */; };
		CBAE8F2227F7CED100A66830 /* NotificationController.swift in Sources */ = {isa = PBXBuildFile; fileRef = CBAE8F2127F7CED100A66830 /* NotificationController.swift */; };
		CBAE8F2427F7CED100A66830 /* NotificationView.swift in Sources */ = {isa = PBXBuildFile; fileRef = CBAE8F2327F7CED100A66830 /* NotificationView.swift */; };
		CBAE8F2627F7CED100A66830 /* ComplicationController.swift in Sources */ = {isa = PBXBuildFile; fileRef = CBAE8F2527F7CED100A66830 /* ComplicationController.swift */; };
		CBAE8F2827F7CED100A66830 /* Assets.xcassets in Resources */ = {isa = PBXBuildFile; fileRef = CBAE8F2727F7CED100A66830 /* Assets.xcassets */; };
		CBAE8F2B27F7CED100A66830 /* Preview Assets.xcassets in Resources */ = {isa = PBXBuildFile; fileRef = CBAE8F2A27F7CED100A66830 /* Preview Assets.xcassets */; };
		CBAE8F3727F7CED100A66830 /* ParkRunTests.swift in Sources */ = {isa = PBXBuildFile; fileRef = CBAE8F3627F7CED100A66830 /* ParkRunTests.swift */; };
		CBAE8F4127F7CED100A66830 /* ParkRunUITests.swift in Sources */ = {isa = PBXBuildFile; fileRef = CBAE8F4027F7CED100A66830 /* ParkRunUITests.swift */; };
		CBAE8F4327F7CED100A66830 /* ParkRunUITestsLaunchTests.swift in Sources */ = {isa = PBXBuildFile; fileRef = CBAE8F4227F7CED100A66830 /* ParkRunUITestsLaunchTests.swift */; };
		CBE106B527FE5405008AF35B /* BarcodeView.swift in Sources */ = {isa = PBXBuildFile; fileRef = CBE106B427FE5405008AF35B /* BarcodeView.swift */; };
		CBE106BE27FE55F2008AF35B /* BarcodeCardElement.swift in Sources */ = {isa = PBXBuildFile; fileRef = CBE106BD27FE55F2008AF35B /* BarcodeCardElement.swift */; };
		CBE106BF27FE55F2008AF35B /* BarcodeCardElement.swift in Sources */ = {isa = PBXBuildFile; fileRef = CBE106BD27FE55F2008AF35B /* BarcodeCardElement.swift */; };
		CBE106C027FE55F2008AF35B /* BarcodeCardElement.swift in Sources */ = {isa = PBXBuildFile; fileRef = CBE106BD27FE55F2008AF35B /* BarcodeCardElement.swift */; };
		CBE106C327FEA09F008AF35B /* InputView.swift in Sources */ = {isa = PBXBuildFile; fileRef = CBE106C227FEA09F008AF35B /* InputView.swift */; };
		CBE106C427FEA09F008AF35B /* InputView.swift in Sources */ = {isa = PBXBuildFile; fileRef = CBE106C227FEA09F008AF35B /* InputView.swift */; };
		CBE106C527FEA09F008AF35B /* InputView.swift in Sources */ = {isa = PBXBuildFile; fileRef = CBE106C227FEA09F008AF35B /* InputView.swift */; };
		CBE106C827FEA10E008AF35B /* InputButtonElement.swift in Sources */ = {isa = PBXBuildFile; fileRef = CBE106C727FEA10E008AF35B /* InputButtonElement.swift */; };
		CBE106C927FEA10E008AF35B /* InputButtonElement.swift in Sources */ = {isa = PBXBuildFile; fileRef = CBE106C727FEA10E008AF35B /* InputButtonElement.swift */; };
		CBE106CA27FEA10E008AF35B /* InputButtonElement.swift in Sources */ = {isa = PBXBuildFile; fileRef = CBE106C727FEA10E008AF35B /* InputButtonElement.swift */; };
		CBE6C1CE280109C90080CDC8 /* DataController.swift in Sources */ = {isa = PBXBuildFile; fileRef = CBE6C1CD280109C90080CDC8 /* DataController.swift */; };
		CBE6C1D2280151960080CDC8 /* Values.swift in Sources */ = {isa = PBXBuildFile; fileRef = CBE6C1D1280151960080CDC8 /* Values.swift */; };
		CBE6C1D4280155F40080CDC8 /* Types.swift in Sources */ = {isa = PBXBuildFile; fileRef = CBE6C1D3280155F40080CDC8 /* Types.swift */; };
		CBE6C1D6280158A30080CDC8 /* Colour.swift in Sources */ = {isa = PBXBuildFile; fileRef = CBE6C1D5280158A30080CDC8 /* Colour.swift */; };
		CBE6C21528024D880080CDC8 /* BarcodeKit in Frameworks */ = {isa = PBXBuildFile; productRef = CBE6C21428024D880080CDC8 /* BarcodeKit */; };
		CBE6C21828024DFE0080CDC8 /* Runner.swift in Sources */ = {isa = PBXBuildFile; fileRef = CBE6C21728024DFE0080CDC8 /* Runner.swift */; };
		CBE6C21A280259B80080CDC8 /* Event.swift in Sources */ = {isa = PBXBuildFile; fileRef = CBE6C219280259B80080CDC8 /* Event.swift */; };
		CBE6C21D28026ACB0080CDC8 /* EventController.swift in Sources */ = {isa = PBXBuildFile; fileRef = CBE6C21C28026ACB0080CDC8 /* EventController.swift */; };
		CBE6C2CF28039CC60080CDC8 /* View.swift in Sources */ = {isa = PBXBuildFile; fileRef = CBE6C2CE28039CC60080CDC8 /* View.swift */; };
		CBFCB3CE28616D4F004FE1A1 /* CourseImage.swift in Sources */ = {isa = PBXBuildFile; fileRef = CBFCB3CD28616D4F004FE1A1 /* CourseImage.swift */; };
		CBFCB3D2286173B2004FE1A1 /* map.png in Resources */ = {isa = PBXBuildFile; fileRef = CBFCB3D1286173B2004FE1A1 /* map.png */; };
/* End PBXBuildFile section */

/* Begin PBXContainerItemProxy section */
		CBAE8F0F27F7CECE00A66830 /* PBXContainerItemProxy */ = {
			isa = PBXContainerItemProxy;
			containerPortal = CBAE8F0327F7CECE00A66830 /* Project object */;
			proxyType = 1;
			remoteGlobalIDString = CBAE8F0C27F7CECE00A66830;
			remoteInfo = "ParkRun WatchKit App";
		};
		CBAE8F1A27F7CED100A66830 /* PBXContainerItemProxy */ = {
			isa = PBXContainerItemProxy;
			containerPortal = CBAE8F0327F7CECE00A66830 /* Project object */;
			proxyType = 1;
			remoteGlobalIDString = CBAE8F1727F7CED100A66830;
			remoteInfo = "ParkRun WatchKit Extension";
		};
		CBAE8F3327F7CED100A66830 /* PBXContainerItemProxy */ = {
			isa = PBXContainerItemProxy;
			containerPortal = CBAE8F0327F7CECE00A66830 /* Project object */;
			proxyType = 1;
			remoteGlobalIDString = CBAE8F1727F7CED100A66830;
			remoteInfo = "ParkRun WatchKit Extension";
		};
		CBAE8F3D27F7CED100A66830 /* PBXContainerItemProxy */ = {
			isa = PBXContainerItemProxy;
			containerPortal = CBAE8F0327F7CECE00A66830 /* Project object */;
			proxyType = 1;
			remoteGlobalIDString = CBAE8F0C27F7CECE00A66830;
			remoteInfo = "ParkRun WatchKit App";
		};
/* End PBXContainerItemProxy section */

/* Begin PBXCopyFilesBuildPhase section */
		CBAE8F4927F7CED100A66830 /* Embed App Extensions */ = {
			isa = PBXCopyFilesBuildPhase;
			buildActionMask = 2147483647;
			dstPath = "";
			dstSubfolderSpec = 13;
			files = (
				CBAE8F1927F7CED100A66830 /* ParkRun WatchKit Extension.appex in Embed App Extensions */,
			);
			name = "Embed App Extensions";
			runOnlyForDeploymentPostprocessing = 0;
		};
		CBAE8F4D27F7CED100A66830 /* Embed Watch Content */ = {
			isa = PBXCopyFilesBuildPhase;
			buildActionMask = 2147483647;
			dstPath = "$(CONTENTS_FOLDER_PATH)/Watch";
			dstSubfolderSpec = 16;
			files = (
				CBAE8F0E27F7CECE00A66830 /* ParkRun.app in Embed Watch Content */,
			);
			name = "Embed Watch Content";
			runOnlyForDeploymentPostprocessing = 0;
		};
/* End PBXCopyFilesBuildPhase section */

/* Begin PBXFileReference section */
		CB1DBAC728506B7B0059025D /* ProgressElements.swift */ = {isa = PBXFileReference; lastKnownFileType = sourcecode.swift; path = ProgressElements.swift; sourceTree = "<group>"; };
		CB279144281A01C700D2E65E /* LocationController.swift */ = {isa = PBXFileReference; lastKnownFileType = sourcecode.swift; path = LocationController.swift; sourceTree = "<group>"; };
		CB279148281BA70E00D2E65E /* Codable.swift */ = {isa = PBXFileReference; lastKnownFileType = sourcecode.swift; path = Codable.swift; sourceTree = "<group>"; };
		CB37CD5F28684AF100A7AE33 /* SyncController.swift */ = {isa = PBXFileReference; lastKnownFileType = sourcecode.swift; path = SyncController.swift; sourceTree = "<group>"; };
		CB430A5528237F4A00B7EB8C /* EventListElement.swift */ = {isa = PBXFileReference; lastKnownFileType = sourcecode.swift; path = EventListElement.swift; sourceTree = "<group>"; };
		CB430A582823DF0B00B7EB8C /* HelpView.swift */ = {isa = PBXFileReference; lastKnownFileType = sourcecode.swift; path = HelpView.swift; sourceTree = "<group>"; };
		CB4D46DC281BD6BB00B3BF4A /* Data.xcdatamodel */ = {isa = PBXFileReference; lastKnownFileType = wrapper.xcdatamodel; path = Data.xcdatamodel; sourceTree = "<group>"; };
		CB4D46E4281CD95D00B3BF4A /* Meta.swift */ = {isa = PBXFileReference; lastKnownFileType = sourcecode.swift; path = Meta.swift; sourceTree = "<group>"; };
		CB4D46E6281CDB0300B3BF4A /* MetaController.swift */ = {isa = PBXFileReference; lastKnownFileType = sourcecode.swift; path = MetaController.swift; sourceTree = "<group>"; };
		CB4D46E9281D179000B3BF4A /* SetupView.swift */ = {isa = PBXFileReference; lastKnownFileType = sourcecode.swift; path = SetupView.swift; sourceTree = "<group>"; };
		CB4D46EE281D1A8300B3BF4A /* CardElement.swift */ = {isa = PBXFileReference; lastKnownFileType = sourcecode.swift; path = CardElement.swift; sourceTree = "<group>"; };
		CB4D46F4281D25C800B3BF4A /* Prefix.swift */ = {isa = PBXFileReference; lastKnownFileType = sourcecode.swift; path = Prefix.swift; sourceTree = "<group>"; };
		CB4D46F6281D2BC300B3BF4A /* DesignController.swift */ = {isa = PBXFileReference; lastKnownFileType = sourcecode.swift; path = DesignController.swift; sourceTree = "<group>"; };
		CB4D46F8281DDA0400B3BF4A /* SetupDetailsElement.swift */ = {isa = PBXFileReference; lastKnownFileType = sourcecode.swift; path = SetupDetailsElement.swift; sourceTree = "<group>"; };
		CB4D46FB281E397E00B3BF4A /* TextElements.swift */ = {isa = PBXFileReference; lastKnownFileType = sourcecode.swift; path = TextElements.swift; sourceTree = "<group>"; };
		CB4D46FD281E3B6800B3BF4A /* WelcomeView.swift */ = {isa = PBXFileReference; lastKnownFileType = sourcecode.swift; path = WelcomeView.swift; sourceTree = "<group>"; };
		CB4D46FF281EA1FF00B3BF4A /* GeneralElements.swift */ = {isa = PBXFileReference; lastKnownFileType = sourcecode.swift; path = GeneralElements.swift; sourceTree = "<group>"; };
		CB4D4702281FABFF00B3BF4A /* EventView.swift */ = {isa = PBXFileReference; lastKnownFileType = sourcecode.swift; path = EventView.swift; sourceTree = "<group>"; };
		CB4D4705281FB04C00B3BF4A /* EventLocationElement.swift */ = {isa = PBXFileReference; lastKnownFileType = sourcecode.swift; path = EventLocationElement.swift; sourceTree = "<group>"; };
		CB54FA69286EA2D1008BA45F /* Sync.swift */ = {isa = PBXFileReference; lastKnownFileType = sourcecode.swift; path = Sync.swift; sourceTree = "<group>"; };
		CB7483062855E2BB00BB0C48 /* MapView.swift */ = {isa = PBXFileReference; lastKnownFileType = sourcecode.swift; path = MapView.swift; sourceTree = "<group>"; };
		CB7483102855EB8D00BB0C48 /* Course.swift */ = {isa = PBXFileReference; lastKnownFileType = sourcecode.swift; path = Course.swift; sourceTree = "<group>"; };
		CB82E79B28277043000881BA /* InputConfirmationElement.swift */ = {isa = PBXFileReference; lastKnownFileType = sourcecode.swift; path = InputConfirmationElement.swift; sourceTree = "<group>"; };
		CB82E79D28278261000881BA /* RunnerController.swift */ = {isa = PBXFileReference; lastKnownFileType = sourcecode.swift; path = RunnerController.swift; sourceTree = "<group>"; };
		CB82E79F28288513000881BA /* ProfileElements.swift */ = {isa = PBXFileReference; lastKnownFileType = sourcecode.swift; path = ProfileElements.swift; sourceTree = "<group>"; };
		CB8A399D2830DE8B008A7474 /* Errors.swift */ = {isa = PBXFileReference; lastKnownFileType = sourcecode.swift; path = Errors.swift; sourceTree = "<group>"; };
		CB8A399F2830F7EA008A7474 /* ButtonElements.swift */ = {isa = PBXFileReference; lastKnownFileType = sourcecode.swift; path = ButtonElements.swift; sourceTree = "<group>"; };
		CB920530285194C700C9A693 /* Refreshable.swift */ = {isa = PBXFileReference; lastKnownFileType = sourcecode.swift; path = Refreshable.swift; sourceTree = "<group>"; };
		CB9205322851FB2E00C9A693 /* MainProgressElement.swift */ = {isa = PBXFileReference; lastKnownFileType = sourcecode.swift; path = MainProgressElement.swift; sourceTree = "<group>"; };
		CB9CFEA3285FF8C500002E71 /* master.json */ = {isa = PBXFileReference; fileEncoding = 4; lastKnownFileType = text.json; path = master.json; sourceTree = "<group>"; };
		CBAE8F0927F7CECE00A66830 /* ParkRun.app */ = {isa = PBXFileReference; explicitFileType = wrapper.application; includeInIndex = 0; path = ParkRun.app; sourceTree = BUILT_PRODUCTS_DIR; };
		CBAE8F0D27F7CECE00A66830 /* ParkRun.app */ = {isa = PBXFileReference; explicitFileType = wrapper.application; includeInIndex = 0; path = ParkRun.app; sourceTree = BUILT_PRODUCTS_DIR; };
		CBAE8F1227F7CED000A66830 /* Assets.xcassets */ = {isa = PBXFileReference; lastKnownFileType = folder.assetcatalog; path = Assets.xcassets; sourceTree = "<group>"; };
		CBAE8F1827F7CED100A66830 /* ParkRun WatchKit Extension.appex */ = {isa = PBXFileReference; explicitFileType = "wrapper.app-extension"; includeInIndex = 0; path = "ParkRun WatchKit Extension.appex"; sourceTree = BUILT_PRODUCTS_DIR; };
		CBAE8F1D27F7CED100A66830 /* ParkRunApp.swift */ = {isa = PBXFileReference; lastKnownFileType = sourcecode.swift; path = ParkRunApp.swift; sourceTree = "<group>"; };
		CBAE8F1F27F7CED100A66830 /* MainView.swift */ = {isa = PBXFileReference; lastKnownFileType = sourcecode.swift; path = MainView.swift; sourceTree = "<group>"; };
		CBAE8F2127F7CED100A66830 /* NotificationController.swift */ = {isa = PBXFileReference; lastKnownFileType = sourcecode.swift; path = NotificationController.swift; sourceTree = "<group>"; };
		CBAE8F2327F7CED100A66830 /* NotificationView.swift */ = {isa = PBXFileReference; lastKnownFileType = sourcecode.swift; path = NotificationView.swift; sourceTree = "<group>"; };
		CBAE8F2527F7CED100A66830 /* ComplicationController.swift */ = {isa = PBXFileReference; lastKnownFileType = sourcecode.swift; path = ComplicationController.swift; sourceTree = "<group>"; };
		CBAE8F2727F7CED100A66830 /* Assets.xcassets */ = {isa = PBXFileReference; lastKnownFileType = folder.assetcatalog; path = Assets.xcassets; sourceTree = "<group>"; };
		CBAE8F2A27F7CED100A66830 /* Preview Assets.xcassets */ = {isa = PBXFileReference; lastKnownFileType = folder.assetcatalog; path = "Preview Assets.xcassets"; sourceTree = "<group>"; };
		CBAE8F2C27F7CED100A66830 /* Info.plist */ = {isa = PBXFileReference; lastKnownFileType = text.plist.xml; path = Info.plist; sourceTree = "<group>"; };
		CBAE8F2D27F7CED100A66830 /* PushNotificationPayload.apns */ = {isa = PBXFileReference; lastKnownFileType = text; path = PushNotificationPayload.apns; sourceTree = "<group>"; };
		CBAE8F3227F7CED100A66830 /* ParkRunTests.xctest */ = {isa = PBXFileReference; explicitFileType = wrapper.cfbundle; includeInIndex = 0; path = ParkRunTests.xctest; sourceTree = BUILT_PRODUCTS_DIR; };
		CBAE8F3627F7CED100A66830 /* ParkRunTests.swift */ = {isa = PBXFileReference; lastKnownFileType = sourcecode.swift; path = ParkRunTests.swift; sourceTree = "<group>"; };
		CBAE8F3C27F7CED100A66830 /* ParkRunUITests.xctest */ = {isa = PBXFileReference; explicitFileType = wrapper.cfbundle; includeInIndex = 0; path = ParkRunUITests.xctest; sourceTree = BUILT_PRODUCTS_DIR; };
		CBAE8F4027F7CED100A66830 /* ParkRunUITests.swift */ = {isa = PBXFileReference; lastKnownFileType = sourcecode.swift; path = ParkRunUITests.swift; sourceTree = "<group>"; };
		CBAE8F4227F7CED100A66830 /* ParkRunUITestsLaunchTests.swift */ = {isa = PBXFileReference; lastKnownFileType = sourcecode.swift; path = ParkRunUITestsLaunchTests.swift; sourceTree = "<group>"; };
		CBE106B427FE5405008AF35B /* BarcodeView.swift */ = {isa = PBXFileReference; lastKnownFileType = sourcecode.swift; path = BarcodeView.swift; sourceTree = "<group>"; };
		CBE106BD27FE55F2008AF35B /* BarcodeCardElement.swift */ = {isa = PBXFileReference; lastKnownFileType = sourcecode.swift; path = BarcodeCardElement.swift; sourceTree = "<group>"; };
		CBE106C227FEA09F008AF35B /* InputView.swift */ = {isa = PBXFileReference; lastKnownFileType = sourcecode.swift; path = InputView.swift; sourceTree = "<group>"; };
		CBE106C727FEA10E008AF35B /* InputButtonElement.swift */ = {isa = PBXFileReference; lastKnownFileType = sourcecode.swift; path = InputButtonElement.swift; sourceTree = "<group>"; };
		CBE6C1CD280109C90080CDC8 /* DataController.swift */ = {isa = PBXFileReference; lastKnownFileType = sourcecode.swift; path = DataController.swift; sourceTree = "<group>"; };
		CBE6C1D1280151960080CDC8 /* Values.swift */ = {isa = PBXFileReference; lastKnownFileType = sourcecode.swift; path = Values.swift; sourceTree = "<group>"; };
		CBE6C1D3280155F40080CDC8 /* Types.swift */ = {isa = PBXFileReference; lastKnownFileType = sourcecode.swift; path = Types.swift; sourceTree = "<group>"; };
		CBE6C1D5280158A30080CDC8 /* Colour.swift */ = {isa = PBXFileReference; lastKnownFileType = sourcecode.swift; path = Colour.swift; sourceTree = "<group>"; };
		CBE6C21728024DFE0080CDC8 /* Runner.swift */ = {isa = PBXFileReference; lastKnownFileType = sourcecode.swift; path = Runner.swift; sourceTree = "<group>"; };
		CBE6C219280259B80080CDC8 /* Event.swift */ = {isa = PBXFileReference; lastKnownFileType = sourcecode.swift; path = Event.swift; sourceTree = "<group>"; };
		CBE6C21C28026ACB0080CDC8 /* EventController.swift */ = {isa = PBXFileReference; lastKnownFileType = sourcecode.swift; path = EventController.swift; sourceTree = "<group>"; };
		CBE6C2CE28039CC60080CDC8 /* View.swift */ = {isa = PBXFileReference; lastKnownFileType = sourcecode.swift; path = View.swift; sourceTree = "<group>"; };
		CBFCB3CD28616D4F004FE1A1 /* CourseImage.swift */ = {isa = PBXFileReference; lastKnownFileType = sourcecode.swift; path = CourseImage.swift; sourceTree = "<group>"; };
		CBFCB3D1286173B2004FE1A1 /* map.png */ = {isa = PBXFileReference; lastKnownFileType = image.png; path = map.png; sourceTree = "<group>"; };
/* End PBXFileReference section */

/* Begin PBXFrameworksBuildPhase section */
		CBAE8F1527F7CED100A66830 /* Frameworks */ = {
			isa = PBXFrameworksBuildPhase;
			buildActionMask = 2147483647;
			files = (
				CBE6C21528024D880080CDC8 /* BarcodeKit in Frameworks */,
			);
			runOnlyForDeploymentPostprocessing = 0;
		};
		CBAE8F2F27F7CED100A66830 /* Frameworks */ = {
			isa = PBXFrameworksBuildPhase;
			buildActionMask = 2147483647;
			files = (
			);
			runOnlyForDeploymentPostprocessing = 0;
		};
		CBAE8F3927F7CED100A66830 /* Frameworks */ = {
			isa = PBXFrameworksBuildPhase;
			buildActionMask = 2147483647;
			files = (
			);
			runOnlyForDeploymentPostprocessing = 0;
		};
/* End PBXFrameworksBuildPhase section */

/* Begin PBXGroup section */
		CB430A572823DEFF00B7EB8C /* Help */ = {
			isa = PBXGroup;
			children = (
				CB430A582823DF0B00B7EB8C /* HelpView.swift */,
			);
			path = Help;
			sourceTree = "<group>";
		};
		CB4D46DE281CD21A00B3BF4A /* Local */ = {
			isa = PBXGroup;
			children = (
				CBFCB3D1286173B2004FE1A1 /* map.png */,
				CB9CFEA3285FF8C500002E71 /* master.json */,
			);
			path = Local;
			sourceTree = "<group>";
		};
		CB4D46E8281D177700B3BF4A /* Setup */ = {
			isa = PBXGroup;
			children = (
				CB4D46E9281D179000B3BF4A /* SetupView.swift */,
				CB4D46EB281D182E00B3BF4A /* Elements */,
			);
			path = Setup;
			sourceTree = "<group>";
		};
		CB4D46EB281D182E00B3BF4A /* Elements */ = {
			isa = PBXGroup;
			children = (
				CB4D46F8281DDA0400B3BF4A /* SetupDetailsElement.swift */,
			);
			path = Elements;
			sourceTree = "<group>";
		};
		CB4D46EC281D1A3700B3BF4A /* Common */ = {
			isa = PBXGroup;
			children = (
				CB4D46ED281D1A6500B3BF4A /* Elements */,
			);
			path = Common;
			sourceTree = "<group>";
		};
		CB4D46ED281D1A6500B3BF4A /* Elements */ = {
			isa = PBXGroup;
			children = (
				CB4D46EE281D1A8300B3BF4A /* CardElement.swift */,
				CB4D46FB281E397E00B3BF4A /* TextElements.swift */,
				CB4D46FF281EA1FF00B3BF4A /* GeneralElements.swift */,
				CB82E79F28288513000881BA /* ProfileElements.swift */,
				CB8A399F2830F7EA008A7474 /* ButtonElements.swift */,
				CB1DBAC728506B7B0059025D /* ProgressElements.swift */,
			);
			path = Elements;
			sourceTree = "<group>";
		};
		CB4D46FA281E395000B3BF4A /* Welcome */ = {
			isa = PBXGroup;
			children = (
				CB4D46FD281E3B6800B3BF4A /* WelcomeView.swift */,
			);
			path = Welcome;
			sourceTree = "<group>";
		};
		CB4D4701281FAB4800B3BF4A /* Event */ = {
			isa = PBXGroup;
			children = (
				CB4D4702281FABFF00B3BF4A /* EventView.swift */,
				CB4D4704281FB02700B3BF4A /* Elements */,
			);
			path = Event;
			sourceTree = "<group>";
		};
		CB4D4704281FB02700B3BF4A /* Elements */ = {
			isa = PBXGroup;
			children = (
				CB4D4705281FB04C00B3BF4A /* EventLocationElement.swift */,
				CB430A5528237F4A00B7EB8C /* EventListElement.swift */,
			);
			path = Elements;
			sourceTree = "<group>";
		};
		CB7483052855E2AE00BB0C48 /* Map */ = {
			isa = PBXGroup;
			children = (
				CB7483062855E2BB00BB0C48 /* MapView.swift */,
			);
			path = Map;
			sourceTree = "<group>";
		};
		CB92052F285194A100C9A693 /* Common */ = {
			isa = PBXGroup;
			children = (
				CB920530285194C700C9A693 /* Refreshable.swift */,
			);
			path = Common;
			sourceTree = "<group>";
		};
		CBAE8F0227F7CECE00A66830 = {
			isa = PBXGroup;
			children = (
				CBAE8F1127F7CECE00A66830 /* ParkRun WatchKit App */,
				CBAE8F1C27F7CED100A66830 /* ParkRun WatchKit Extension */,
				CBAE8F3527F7CED100A66830 /* ParkRunTests */,
				CBAE8F3F27F7CED100A66830 /* ParkRunUITests */,
				CBAE8F0A27F7CECE00A66830 /* Products */,
				CBE106AD27FD575B008AF35B /* Frameworks */,
			);
			sourceTree = "<group>";
		};
		CBAE8F0A27F7CECE00A66830 /* Products */ = {
			isa = PBXGroup;
			children = (
				CBAE8F0927F7CECE00A66830 /* ParkRun.app */,
				CBAE8F0D27F7CECE00A66830 /* ParkRun.app */,
				CBAE8F1827F7CED100A66830 /* ParkRun WatchKit Extension.appex */,
				CBAE8F3227F7CED100A66830 /* ParkRunTests.xctest */,
				CBAE8F3C27F7CED100A66830 /* ParkRunUITests.xctest */,
			);
			name = Products;
			sourceTree = "<group>";
		};
		CBAE8F1127F7CECE00A66830 /* ParkRun WatchKit App */ = {
			isa = PBXGroup;
			children = (
				CBAE8F1227F7CED000A66830 /* Assets.xcassets */,
			);
			path = "ParkRun WatchKit App";
			sourceTree = "<group>";
		};
		CBAE8F1C27F7CED100A66830 /* ParkRun WatchKit Extension */ = {
			isa = PBXGroup;
			children = (
				CBE6C1D0280151880080CDC8 /* Extensions */,
				CBE6C1CC280109AB0080CDC8 /* Data */,
				CBAE8F7127F90C7700A66830 /* Views */,
				CBE6C1C428001CE80080CDC8 /* Models */,
				CBAE8F1D27F7CED100A66830 /* ParkRunApp.swift */,
				CBAE8F2127F7CED100A66830 /* NotificationController.swift */,
				CBAE8F2327F7CED100A66830 /* NotificationView.swift */,
				CBAE8F2527F7CED100A66830 /* ComplicationController.swift */,
				CBAE8F2727F7CED100A66830 /* Assets.xcassets */,
				CBAE8F2C27F7CED100A66830 /* Info.plist */,
				CBAE8F2D27F7CED100A66830 /* PushNotificationPayload.apns */,
				CBAE8F2927F7CED100A66830 /* Preview Content */,
			);
			path = "ParkRun WatchKit Extension";
			sourceTree = "<group>";
		};
		CBAE8F2927F7CED100A66830 /* Preview Content */ = {
			isa = PBXGroup;
			children = (
				CBAE8F2A27F7CED100A66830 /* Preview Assets.xcassets */,
			);
			path = "Preview Content";
			sourceTree = "<group>";
		};
		CBAE8F3527F7CED100A66830 /* ParkRunTests */ = {
			isa = PBXGroup;
			children = (
				CBAE8F3627F7CED100A66830 /* ParkRunTests.swift */,
			);
			path = ParkRunTests;
			sourceTree = "<group>";
		};
		CBAE8F3F27F7CED100A66830 /* ParkRunUITests */ = {
			isa = PBXGroup;
			children = (
				CBAE8F4027F7CED100A66830 /* ParkRunUITests.swift */,
				CBAE8F4227F7CED100A66830 /* ParkRunUITestsLaunchTests.swift */,
			);
			path = ParkRunUITests;
			sourceTree = "<group>";
		};
		CBAE8F7127F90C7700A66830 /* Views */ = {
			isa = PBXGroup;
			children = (
				CB7483052855E2AE00BB0C48 /* Map */,
				CB430A572823DEFF00B7EB8C /* Help */,
				CB4D4701281FAB4800B3BF4A /* Event */,
				CB4D46FA281E395000B3BF4A /* Welcome */,
				CB4D46E8281D177700B3BF4A /* Setup */,
				CBAE8F8127FA6B6900A66830 /* Main */,
				CBE106C127FEA07C008AF35B /* Input */,
				CBE106B327FE53F3008AF35B /* Barcode */,
				CB4D46EC281D1A3700B3BF4A /* Common */,
			);
			path = Views;
			sourceTree = "<group>";
		};
		CBAE8F8127FA6B6900A66830 /* Main */ = {
			isa = PBXGroup;
			children = (
				CBAE8F1F27F7CED100A66830 /* MainView.swift */,
				CBE106B227FE5206008AF35B /* Elements */,
			);
			path = Main;
			sourceTree = "<group>";
		};
		CBE106AD27FD575B008AF35B /* Frameworks */ = {
			isa = PBXGroup;
			children = (
			);
			name = Frameworks;
			sourceTree = "<group>";
		};
		CBE106B227FE5206008AF35B /* Elements */ = {
			isa = PBXGroup;
			children = (
				CB9205322851FB2E00C9A693 /* MainProgressElement.swift */,
			);
			path = Elements;
			sourceTree = "<group>";
		};
		CBE106B327FE53F3008AF35B /* Barcode */ = {
			isa = PBXGroup;
			children = (
				CBE106B427FE5405008AF35B /* BarcodeView.swift */,
				CBE106B827FE5465008AF35B /* Elements */,
			);
			path = Barcode;
			sourceTree = "<group>";
		};
		CBE106B827FE5465008AF35B /* Elements */ = {
			isa = PBXGroup;
			children = (
				CBE106BD27FE55F2008AF35B /* BarcodeCardElement.swift */,
			);
			path = Elements;
			sourceTree = "<group>";
		};
		CBE106C127FEA07C008AF35B /* Input */ = {
			isa = PBXGroup;
			children = (
				CBE106C227FEA09F008AF35B /* InputView.swift */,
				CBE106C627FEA0BB008AF35B /* Elements */,
			);
			path = Input;
			sourceTree = "<group>";
		};
		CBE106C627FEA0BB008AF35B /* Elements */ = {
			isa = PBXGroup;
			children = (
				CBE106C727FEA10E008AF35B /* InputButtonElement.swift */,
				CB82E79B28277043000881BA /* InputConfirmationElement.swift */,
			);
			path = Elements;
			sourceTree = "<group>";
		};
		CBE6C1C428001CE80080CDC8 /* Models */ = {
			isa = PBXGroup;
			children = (
			);
			path = Models;
			sourceTree = "<group>";
		};
		CBE6C1CC280109AB0080CDC8 /* Data */ = {
			isa = PBXGroup;
			children = (
				CB4D46DB281BD6BB00B3BF4A /* ParkRun.xcdatamodeld */,
				CBE6C1CD280109C90080CDC8 /* DataController.swift */,
				CBE6C21C28026ACB0080CDC8 /* EventController.swift */,
				CB279144281A01C700D2E65E /* LocationController.swift */,
				CB4D46E6281CDB0300B3BF4A /* MetaController.swift */,
				CB82E79D28278261000881BA /* RunnerController.swift */,
				CB4D46F6281D2BC300B3BF4A /* DesignController.swift */,
				CB37CD5F28684AF100A7AE33 /* SyncController.swift */,
				CBE6C21628024DEC0080CDC8 /* Models */,
				CBE6C21B28025A210080CDC8 /* Enums */,
				CB4D46DE281CD21A00B3BF4A /* Local */,
			);
			path = Data;
			sourceTree = "<group>";
		};
		CBE6C1D0280151880080CDC8 /* Extensions */ = {
			isa = PBXGroup;
			children = (
				CBE6C1D1280151960080CDC8 /* Values.swift */,
				CBE6C1D5280158A30080CDC8 /* Colour.swift */,
				CBE6C2CE28039CC60080CDC8 /* View.swift */,
				CB279148281BA70E00D2E65E /* Codable.swift */,
				CB4D46F4281D25C800B3BF4A /* Prefix.swift */,
			);
			path = Extensions;
			sourceTree = "<group>";
		};
		CBE6C21628024DEC0080CDC8 /* Models */ = {
			isa = PBXGroup;
			children = (
				CB92052F285194A100C9A693 /* Common */,
				CBE6C21728024DFE0080CDC8 /* Runner.swift */,
				CBE6C219280259B80080CDC8 /* Event.swift */,
				CB4D46E4281CD95D00B3BF4A /* Meta.swift */,
				CB7483102855EB8D00BB0C48 /* Course.swift */,
				CBFCB3CD28616D4F004FE1A1 /* CourseImage.swift */,
				CB54FA69286EA2D1008BA45F /* Sync.swift */,
			);
			path = Models;
			sourceTree = "<group>";
		};
		CBE6C21B28025A210080CDC8 /* Enums */ = {
			isa = PBXGroup;
			children = (
				CBE6C1D3280155F40080CDC8 /* Types.swift */,
				CB8A399D2830DE8B008A7474 /* Errors.swift */,
			);
			path = Enums;
			sourceTree = "<group>";
		};
/* End PBXGroup section */

/* Begin PBXNativeTarget section */
		CBAE8F0827F7CECE00A66830 /* ParkRun */ = {
			isa = PBXNativeTarget;
			buildConfigurationList = CBAE8F4E27F7CED100A66830 /* Build configuration list for PBXNativeTarget "ParkRun" */;
			buildPhases = (
				CBAE8F0727F7CECE00A66830 /* Resources */,
				CBAE8F4D27F7CED100A66830 /* Embed Watch Content */,
				CB4D46DF281CD27500B3BF4A /* ShellScript */,
			);
			buildRules = (
			);
			dependencies = (
				CBAE8F1027F7CECE00A66830 /* PBXTargetDependency */,
			);
			name = ParkRun;
			packageProductDependencies = (
				CBE106AC27FD56FB008AF35B /* BarcodeKit */,
			);
			productName = ParkRun;
			productReference = CBAE8F0927F7CECE00A66830 /* ParkRun.app */;
			productType = "com.apple.product-type.application.watchapp2-container";
		};
		CBAE8F0C27F7CECE00A66830 /* ParkRun WatchKit App */ = {
			isa = PBXNativeTarget;
			buildConfigurationList = CBAE8F4A27F7CED100A66830 /* Build configuration list for PBXNativeTarget "ParkRun WatchKit App" */;
			buildPhases = (
				CBAE8F0B27F7CECE00A66830 /* Resources */,
				CBAE8F4927F7CED100A66830 /* Embed App Extensions */,
			);
			buildRules = (
			);
			dependencies = (
				CBAE8F1B27F7CED100A66830 /* PBXTargetDependency */,
			);
			name = "ParkRun WatchKit App";
			productName = "ParkRun WatchKit App";
			productReference = CBAE8F0D27F7CECE00A66830 /* ParkRun.app */;
			productType = "com.apple.product-type.application.watchapp2";
		};
		CBAE8F1727F7CED100A66830 /* ParkRun WatchKit Extension */ = {
			isa = PBXNativeTarget;
			buildConfigurationList = CBAE8F4627F7CED100A66830 /* Build configuration list for PBXNativeTarget "ParkRun WatchKit Extension" */;
			buildPhases = (
				CBAE8F1427F7CED100A66830 /* Sources */,
				CBAE8F1527F7CED100A66830 /* Frameworks */,
				CBAE8F1627F7CED100A66830 /* Resources */,
			);
			buildRules = (
			);
			dependencies = (
			);
			name = "ParkRun WatchKit Extension";
			packageProductDependencies = (
				CBE6C21428024D880080CDC8 /* BarcodeKit */,
			);
			productName = "ParkRun WatchKit Extension";
			productReference = CBAE8F1827F7CED100A66830 /* ParkRun WatchKit Extension.appex */;
			productType = "com.apple.product-type.watchkit2-extension";
		};
		CBAE8F3127F7CED100A66830 /* ParkRunTests */ = {
			isa = PBXNativeTarget;
			buildConfigurationList = CBAE8F5127F7CED100A66830 /* Build configuration list for PBXNativeTarget "ParkRunTests" */;
			buildPhases = (
				CBAE8F2E27F7CED100A66830 /* Sources */,
				CBAE8F2F27F7CED100A66830 /* Frameworks */,
				CBAE8F3027F7CED100A66830 /* Resources */,
			);
			buildRules = (
			);
			dependencies = (
				CBAE8F3427F7CED100A66830 /* PBXTargetDependency */,
			);
			name = ParkRunTests;
			productName = ParkRunTests;
			productReference = CBAE8F3227F7CED100A66830 /* ParkRunTests.xctest */;
			productType = "com.apple.product-type.bundle.unit-test";
		};
		CBAE8F3B27F7CED100A66830 /* ParkRunUITests */ = {
			isa = PBXNativeTarget;
			buildConfigurationList = CBAE8F5427F7CED100A66830 /* Build configuration list for PBXNativeTarget "ParkRunUITests" */;
			buildPhases = (
				CBAE8F3827F7CED100A66830 /* Sources */,
				CBAE8F3927F7CED100A66830 /* Frameworks */,
				CBAE8F3A27F7CED100A66830 /* Resources */,
			);
			buildRules = (
			);
			dependencies = (
				CBAE8F3E27F7CED100A66830 /* PBXTargetDependency */,
			);
			name = ParkRunUITests;
			productName = ParkRunUITests;
			productReference = CBAE8F3C27F7CED100A66830 /* ParkRunUITests.xctest */;
			productType = "com.apple.product-type.bundle.ui-testing";
		};
/* End PBXNativeTarget section */

/* Begin PBXProject section */
		CBAE8F0327F7CECE00A66830 /* Project object */ = {
			isa = PBXProject;
			attributes = {
				BuildIndependentTargetsInParallel = 1;
				LastSwiftUpdateCheck = 1330;
				LastUpgradeCheck = 1330;
				TargetAttributes = {
					CBAE8F0827F7CECE00A66830 = {
						CreatedOnToolsVersion = 13.3;
						LastSwiftMigration = 1330;
					};
					CBAE8F0C27F7CECE00A66830 = {
						CreatedOnToolsVersion = 13.3;
						LastSwiftMigration = 1330;
					};
					CBAE8F1727F7CED100A66830 = {
						CreatedOnToolsVersion = 13.3;
					};
					CBAE8F3127F7CED100A66830 = {
						CreatedOnToolsVersion = 13.3;
						TestTargetID = CBAE8F1727F7CED100A66830;
					};
					CBAE8F3B27F7CED100A66830 = {
						CreatedOnToolsVersion = 13.3;
						TestTargetID = CBAE8F0C27F7CECE00A66830;
					};
				};
			};
			buildConfigurationList = CBAE8F0627F7CECE00A66830 /* Build configuration list for PBXProject "ParkRun" */;
			compatibilityVersion = "Xcode 13.0";
			developmentRegion = en;
			hasScannedForEncodings = 0;
			knownRegions = (
				en,
				Base,
			);
			mainGroup = CBAE8F0227F7CECE00A66830;
			packageReferences = (
				CBE106AB27FD56FB008AF35B /* XCRemoteSwiftPackageReference "BarcodeKit" */,
			);
			productRefGroup = CBAE8F0A27F7CECE00A66830 /* Products */;
			projectDirPath = "";
			projectRoot = "";
			targets = (
				CBAE8F0827F7CECE00A66830 /* ParkRun */,
				CBAE8F0C27F7CECE00A66830 /* ParkRun WatchKit App */,
				CBAE8F1727F7CED100A66830 /* ParkRun WatchKit Extension */,
				CBAE8F3127F7CED100A66830 /* ParkRunTests */,
				CBAE8F3B27F7CED100A66830 /* ParkRunUITests */,
			);
		};
/* End PBXProject section */

/* Begin PBXResourcesBuildPhase section */
		CBAE8F0727F7CECE00A66830 /* Resources */ = {
			isa = PBXResourcesBuildPhase;
			buildActionMask = 2147483647;
			files = (
			);
			runOnlyForDeploymentPostprocessing = 0;
		};
		CBAE8F0B27F7CECE00A66830 /* Resources */ = {
			isa = PBXResourcesBuildPhase;
			buildActionMask = 2147483647;
			files = (
				CBAE8F1327F7CED000A66830 /* Assets.xcassets in Resources */,
			);
			runOnlyForDeploymentPostprocessing = 0;
		};
		CBAE8F1627F7CED100A66830 /* Resources */ = {
			isa = PBXResourcesBuildPhase;
			buildActionMask = 2147483647;
			files = (
				CBFCB3D2286173B2004FE1A1 /* map.png in Resources */,
				CBAE8F2B27F7CED100A66830 /* Preview Assets.xcassets in Resources */,
				CB9CFEA4285FF8C500002E71 /* master.json in Resources */,
				CBAE8F2827F7CED100A66830 /* Assets.xcassets in Resources */,
			);
			runOnlyForDeploymentPostprocessing = 0;
		};
		CBAE8F3027F7CED100A66830 /* Resources */ = {
			isa = PBXResourcesBuildPhase;
			buildActionMask = 2147483647;
			files = (
			);
			runOnlyForDeploymentPostprocessing = 0;
		};
		CBAE8F3A27F7CED100A66830 /* Resources */ = {
			isa = PBXResourcesBuildPhase;
			buildActionMask = 2147483647;
			files = (
			);
			runOnlyForDeploymentPostprocessing = 0;
		};
/* End PBXResourcesBuildPhase section */

/* Begin PBXShellScriptBuildPhase section */
		CB4D46DF281CD27500B3BF4A /* ShellScript */ = {
			isa = PBXShellScriptBuildPhase;
			alwaysOutOfDate = 1;
			buildActionMask = 12;
			files = (
			);
			inputFileListPaths = (
			);
			inputPaths = (
			);
			outputFileListPaths = (
			);
			outputPaths = (
				"${SRCROOT}/ParkRun\\ WatchKit\\ Extension/Data/Local/master.json",
			);
			runOnlyForDeploymentPostprocessing = 0;
			shellPath = /bin/sh;
			shellScript = "# Download a local copy of the location master file\ncurl https://storage.googleapis.com/parkrun-au/master.json > ${SRCROOT}/ParkRun\\ WatchKit\\ Extension/Data/Local/master.json\n";
		};
/* End PBXShellScriptBuildPhase section */

/* Begin PBXSourcesBuildPhase section */
		CBAE8F1427F7CED100A66830 /* Sources */ = {
			isa = PBXSourcesBuildPhase;
			buildActionMask = 2147483647;
			files = (
				CB82E79E28278261000881BA /* RunnerController.swift in Sources */,
				CBE6C1CE280109C90080CDC8 /* DataController.swift in Sources */,
				CB1DBAC828506B7B0059025D /* ProgressElements.swift in Sources */,
				CB279145281A01C700D2E65E /* LocationController.swift in Sources */,
				CB279149281BA70E00D2E65E /* Codable.swift in Sources */,
				CBE6C21828024DFE0080CDC8 /* Runner.swift in Sources */,
				CB4D46FE281E3B6800B3BF4A /* WelcomeView.swift in Sources */,
				CB37CD6028684AF100A7AE33 /* SyncController.swift in Sources */,
				CB4D46EA281D179000B3BF4A /* SetupView.swift in Sources */,
				CB8A39A02830F7EA008A7474 /* ButtonElements.swift in Sources */,
				CBE6C21D28026ACB0080CDC8 /* EventController.swift in Sources */,
				CBAE8F2227F7CED100A66830 /* NotificationController.swift in Sources */,
				CB4D4703281FABFF00B3BF4A /* EventView.swift in Sources */,
				CBE6C1D6280158A30080CDC8 /* Colour.swift in Sources */,
				CBE6C2CF28039CC60080CDC8 /* View.swift in Sources */,
				CBE106BE27FE55F2008AF35B /* BarcodeCardElement.swift in Sources */,
				CB54FA6A286EA2D1008BA45F /* Sync.swift in Sources */,
				CBE6C21A280259B80080CDC8 /* Event.swift in Sources */,
				CBAE8F2027F7CED100A66830 /* MainView.swift in Sources */,
				CBE106C327FEA09F008AF35B /* InputView.swift in Sources */,
				CB7483112855EB8D00BB0C48 /* Course.swift in Sources */,
				CBFCB3CE28616D4F004FE1A1 /* CourseImage.swift in Sources */,
				CB920531285194C700C9A693 /* Refreshable.swift in Sources */,
				CBE6C1D2280151960080CDC8 /* Values.swift in Sources */,
				CB4D46E7281CDB0300B3BF4A /* MetaController.swift in Sources */,
				CB82E79C28277043000881BA /* InputConfirmationElement.swift in Sources */,
				CB4D46DD281BD6BB00B3BF4A /* ParkRun.xcdatamodeld in Sources */,
				CB4D46F5281D25C800B3BF4A /* Prefix.swift in Sources */,
				CB82E7A028288513000881BA /* ProfileElements.swift in Sources */,
				CB7483072855E2BB00BB0C48 /* MapView.swift in Sources */,
				CB4D46FC281E397E00B3BF4A /* TextElements.swift in Sources */,
				CB8A399E2830DE8B008A7474 /* Errors.swift in Sources */,
				CB4D46F9281DDA0400B3BF4A /* SetupDetailsElement.swift in Sources */,
				CB9205332851FB2E00C9A693 /* MainProgressElement.swift in Sources */,
				CBAE8F2627F7CED100A66830 /* ComplicationController.swift in Sources */,
				CBAE8F1E27F7CED100A66830 /* ParkRunApp.swift in Sources */,
				CBAE8F2427F7CED100A66830 /* NotificationView.swift in Sources */,
				CB430A592823DF0B00B7EB8C /* HelpView.swift in Sources */,
				CBE106C827FEA10E008AF35B /* InputButtonElement.swift in Sources */,
				CB4D46EF281D1A8300B3BF4A /* CardElement.swift in Sources */,
				CB4D46F7281D2BC300B3BF4A /* DesignController.swift in Sources */,
				CBE6C1D4280155F40080CDC8 /* Types.swift in Sources */,
				CB430A5628237F4A00B7EB8C /* EventListElement.swift in Sources */,
				CB4D46E5281CD95D00B3BF4A /* Meta.swift in Sources */,
				CBE106B527FE5405008AF35B /* BarcodeView.swift in Sources */,
				CB4D4706281FB04C00B3BF4A /* EventLocationElement.swift in Sources */,
				CB4D4700281EA1FF00B3BF4A /* GeneralElements.swift in Sources */,
			);
			runOnlyForDeploymentPostprocessing = 0;
		};
		CBAE8F2E27F7CED100A66830 /* Sources */ = {
			isa = PBXSourcesBuildPhase;
			buildActionMask = 2147483647;
			files = (
				CBE106BF27FE55F2008AF35B /* BarcodeCardElement.swift in Sources */,
				CBAE8F3727F7CED100A66830 /* ParkRunTests.swift in Sources */,
				CBE106C427FEA09F008AF35B /* InputView.swift in Sources */,
				CBE106C927FEA10E008AF35B /* InputButtonElement.swift in Sources */,
			);
			runOnlyForDeploymentPostprocessing = 0;
		};
		CBAE8F3827F7CED100A66830 /* Sources */ = {
			isa = PBXSourcesBuildPhase;
			buildActionMask = 2147483647;
			files = (
				CBE106C027FE55F2008AF35B /* BarcodeCardElement.swift in Sources */,
				CBE106CA27FEA10E008AF35B /* InputButtonElement.swift in Sources */,
				CBE106C527FEA09F008AF35B /* InputView.swift in Sources */,
				CBAE8F4327F7CED100A66830 /* ParkRunUITestsLaunchTests.swift in Sources */,
				CBAE8F4127F7CED100A66830 /* ParkRunUITests.swift in Sources */,
			);
			runOnlyForDeploymentPostprocessing = 0;
		};
/* End PBXSourcesBuildPhase section */

/* Begin PBXTargetDependency section */
		CBAE8F1027F7CECE00A66830 /* PBXTargetDependency */ = {
			isa = PBXTargetDependency;
			target = CBAE8F0C27F7CECE00A66830 /* ParkRun WatchKit App */;
			targetProxy = CBAE8F0F27F7CECE00A66830 /* PBXContainerItemProxy */;
		};
		CBAE8F1B27F7CED100A66830 /* PBXTargetDependency */ = {
			isa = PBXTargetDependency;
			target = CBAE8F1727F7CED100A66830 /* ParkRun WatchKit Extension */;
			targetProxy = CBAE8F1A27F7CED100A66830 /* PBXContainerItemProxy */;
		};
		CBAE8F3427F7CED100A66830 /* PBXTargetDependency */ = {
			isa = PBXTargetDependency;
			target = CBAE8F1727F7CED100A66830 /* ParkRun WatchKit Extension */;
			targetProxy = CBAE8F3327F7CED100A66830 /* PBXContainerItemProxy */;
		};
		CBAE8F3E27F7CED100A66830 /* PBXTargetDependency */ = {
			isa = PBXTargetDependency;
			target = CBAE8F0C27F7CECE00A66830 /* ParkRun WatchKit App */;
			targetProxy = CBAE8F3D27F7CED100A66830 /* PBXContainerItemProxy */;
		};
/* End PBXTargetDependency section */

/* Begin XCBuildConfiguration section */
		CBAE8F4427F7CED100A66830 /* Debug */ = {
			isa = XCBuildConfiguration;
			buildSettings = {
				ALWAYS_SEARCH_USER_PATHS = NO;
				CLANG_ANALYZER_NONNULL = YES;
				CLANG_ANALYZER_NUMBER_OBJECT_CONVERSION = YES_AGGRESSIVE;
				CLANG_CXX_LANGUAGE_STANDARD = "gnu++17";
				CLANG_ENABLE_MODULES = YES;
				CLANG_ENABLE_OBJC_ARC = YES;
				CLANG_ENABLE_OBJC_WEAK = YES;
				CLANG_WARN_BLOCK_CAPTURE_AUTORELEASING = YES;
				CLANG_WARN_BOOL_CONVERSION = YES;
				CLANG_WARN_COMMA = YES;
				CLANG_WARN_CONSTANT_CONVERSION = YES;
				CLANG_WARN_DEPRECATED_OBJC_IMPLEMENTATIONS = YES;
				CLANG_WARN_DIRECT_OBJC_ISA_USAGE = YES_ERROR;
				CLANG_WARN_DOCUMENTATION_COMMENTS = YES;
				CLANG_WARN_EMPTY_BODY = YES;
				CLANG_WARN_ENUM_CONVERSION = YES;
				CLANG_WARN_INFINITE_RECURSION = YES;
				CLANG_WARN_INT_CONVERSION = YES;
				CLANG_WARN_NON_LITERAL_NULL_CONVERSION = YES;
				CLANG_WARN_OBJC_IMPLICIT_RETAIN_SELF = YES;
				CLANG_WARN_OBJC_LITERAL_CONVERSION = YES;
				CLANG_WARN_OBJC_ROOT_CLASS = YES_ERROR;
				CLANG_WARN_QUOTED_INCLUDE_IN_FRAMEWORK_HEADER = YES;
				CLANG_WARN_RANGE_LOOP_ANALYSIS = YES;
				CLANG_WARN_STRICT_PROTOTYPES = YES;
				CLANG_WARN_SUSPICIOUS_MOVE = YES;
				CLANG_WARN_UNGUARDED_AVAILABILITY = YES_AGGRESSIVE;
				CLANG_WARN_UNREACHABLE_CODE = YES;
				CLANG_WARN__DUPLICATE_METHOD_MATCH = YES;
				COPY_PHASE_STRIP = NO;
				DEBUG_INFORMATION_FORMAT = dwarf;
				ENABLE_STRICT_OBJC_MSGSEND = YES;
				ENABLE_TESTABILITY = YES;
				GCC_C_LANGUAGE_STANDARD = gnu11;
				GCC_DYNAMIC_NO_PIC = NO;
				GCC_NO_COMMON_BLOCKS = YES;
				GCC_OPTIMIZATION_LEVEL = 0;
				GCC_PREPROCESSOR_DEFINITIONS = (
					"DEBUG=1",
					"$(inherited)",
				);
				GCC_WARN_64_TO_32_BIT_CONVERSION = YES;
				GCC_WARN_ABOUT_RETURN_TYPE = YES_ERROR;
				GCC_WARN_UNDECLARED_SELECTOR = YES;
				GCC_WARN_UNINITIALIZED_AUTOS = YES_AGGRESSIVE;
				GCC_WARN_UNUSED_FUNCTION = YES;
				GCC_WARN_UNUSED_VARIABLE = YES;
				MTL_ENABLE_DEBUG_INFO = INCLUDE_SOURCE;
				MTL_FAST_MATH = YES;
				ONLY_ACTIVE_ARCH = YES;
				SDKROOT = iphoneos;
				SWIFT_ACTIVE_COMPILATION_CONDITIONS = DEBUG;
				SWIFT_OPTIMIZATION_LEVEL = "-Onone";
			};
			name = Debug;
		};
		CBAE8F4527F7CED100A66830 /* Release */ = {
			isa = XCBuildConfiguration;
			buildSettings = {
				ALWAYS_SEARCH_USER_PATHS = NO;
				CLANG_ANALYZER_NONNULL = YES;
				CLANG_ANALYZER_NUMBER_OBJECT_CONVERSION = YES_AGGRESSIVE;
				CLANG_CXX_LANGUAGE_STANDARD = "gnu++17";
				CLANG_ENABLE_MODULES = YES;
				CLANG_ENABLE_OBJC_ARC = YES;
				CLANG_ENABLE_OBJC_WEAK = YES;
				CLANG_WARN_BLOCK_CAPTURE_AUTORELEASING = YES;
				CLANG_WARN_BOOL_CONVERSION = YES;
				CLANG_WARN_COMMA = YES;
				CLANG_WARN_CONSTANT_CONVERSION = YES;
				CLANG_WARN_DEPRECATED_OBJC_IMPLEMENTATIONS = YES;
				CLANG_WARN_DIRECT_OBJC_ISA_USAGE = YES_ERROR;
				CLANG_WARN_DOCUMENTATION_COMMENTS = YES;
				CLANG_WARN_EMPTY_BODY = YES;
				CLANG_WARN_ENUM_CONVERSION = YES;
				CLANG_WARN_INFINITE_RECURSION = YES;
				CLANG_WARN_INT_CONVERSION = YES;
				CLANG_WARN_NON_LITERAL_NULL_CONVERSION = YES;
				CLANG_WARN_OBJC_IMPLICIT_RETAIN_SELF = YES;
				CLANG_WARN_OBJC_LITERAL_CONVERSION = YES;
				CLANG_WARN_OBJC_ROOT_CLASS = YES_ERROR;
				CLANG_WARN_QUOTED_INCLUDE_IN_FRAMEWORK_HEADER = YES;
				CLANG_WARN_RANGE_LOOP_ANALYSIS = YES;
				CLANG_WARN_STRICT_PROTOTYPES = YES;
				CLANG_WARN_SUSPICIOUS_MOVE = YES;
				CLANG_WARN_UNGUARDED_AVAILABILITY = YES_AGGRESSIVE;
				CLANG_WARN_UNREACHABLE_CODE = YES;
				CLANG_WARN__DUPLICATE_METHOD_MATCH = YES;
				COPY_PHASE_STRIP = NO;
				DEBUG_INFORMATION_FORMAT = "dwarf-with-dsym";
				ENABLE_NS_ASSERTIONS = NO;
				ENABLE_STRICT_OBJC_MSGSEND = YES;
				GCC_C_LANGUAGE_STANDARD = gnu11;
				GCC_NO_COMMON_BLOCKS = YES;
				GCC_WARN_64_TO_32_BIT_CONVERSION = YES;
				GCC_WARN_ABOUT_RETURN_TYPE = YES_ERROR;
				GCC_WARN_UNDECLARED_SELECTOR = YES;
				GCC_WARN_UNINITIALIZED_AUTOS = YES_AGGRESSIVE;
				GCC_WARN_UNUSED_FUNCTION = YES;
				GCC_WARN_UNUSED_VARIABLE = YES;
				MTL_ENABLE_DEBUG_INFO = NO;
				MTL_FAST_MATH = YES;
				SDKROOT = iphoneos;
				SWIFT_COMPILATION_MODE = wholemodule;
				SWIFT_OPTIMIZATION_LEVEL = "-O";
				VALIDATE_PRODUCT = YES;
			};
			name = Release;
		};
		CBAE8F4727F7CED100A66830 /* Debug */ = {
			isa = XCBuildConfiguration;
			buildSettings = {
				ASSETCATALOG_COMPILER_COMPLICATION_NAME = Complication;
				CODE_SIGN_STYLE = Automatic;
				CURRENT_PROJECT_VERSION = 8;
				DEVELOPMENT_ASSET_PATHS = "\"ParkRun WatchKit Extension/Preview Content\"";
				DEVELOPMENT_TEAM = JW5G6WB9V7;
				ENABLE_PREVIEWS = YES;
				GENERATE_INFOPLIST_FILE = YES;
				INFOPLIST_FILE = "ParkRun WatchKit Extension/Info.plist";
				INFOPLIST_KEY_CFBundleDisplayName = ParkRun;
				INFOPLIST_KEY_CLKComplicationPrincipalClass = ParkRun_WatchKit_Extension.ComplicationController;
				INFOPLIST_KEY_NSHumanReadableCopyright = "";
				INFOPLIST_KEY_NSLocationWhenInUseUsageDescription = "For finding nearby races";
				INFOPLIST_KEY_WKWatchOnly = YES;
				LD_RUNPATH_SEARCH_PATHS = (
					"$(inherited)",
					"@executable_path/Frameworks",
					"@executable_path/../../Frameworks",
				);
				MARKETING_VERSION = 0.2;
				PRODUCT_BUNDLE_IDENTIFIER = schacher.ParkRun.watchkitapp.watchkitextension;
				PRODUCT_NAME = "${TARGET_NAME}";
				SDKROOT = watchos;
				SKIP_INSTALL = YES;
				SWIFT_EMIT_LOC_STRINGS = YES;
				SWIFT_VERSION = 5.0;
				TARGETED_DEVICE_FAMILY = 4;
				WATCHOS_DEPLOYMENT_TARGET = 8.5;
			};
			name = Debug;
		};
		CBAE8F4827F7CED100A66830 /* Release */ = {
			isa = XCBuildConfiguration;
			buildSettings = {
				ASSETCATALOG_COMPILER_COMPLICATION_NAME = Complication;
				CODE_SIGN_STYLE = Automatic;
				CURRENT_PROJECT_VERSION = 8;
				DEVELOPMENT_ASSET_PATHS = "\"ParkRun WatchKit Extension/Preview Content\"";
				DEVELOPMENT_TEAM = JW5G6WB9V7;
				ENABLE_PREVIEWS = YES;
				GENERATE_INFOPLIST_FILE = YES;
				INFOPLIST_FILE = "ParkRun WatchKit Extension/Info.plist";
				INFOPLIST_KEY_CFBundleDisplayName = ParkRun;
				INFOPLIST_KEY_CLKComplicationPrincipalClass = ParkRun_WatchKit_Extension.ComplicationController;
				INFOPLIST_KEY_NSHumanReadableCopyright = "";
				INFOPLIST_KEY_NSLocationWhenInUseUsageDescription = "For finding nearby races";
				INFOPLIST_KEY_WKWatchOnly = YES;
				LD_RUNPATH_SEARCH_PATHS = (
					"$(inherited)",
					"@executable_path/Frameworks",
					"@executable_path/../../Frameworks",
				);
				MARKETING_VERSION = 0.2;
				PRODUCT_BUNDLE_IDENTIFIER = schacher.ParkRun.watchkitapp.watchkitextension;
				PRODUCT_NAME = "${TARGET_NAME}";
				SDKROOT = watchos;
				SKIP_INSTALL = YES;
				SWIFT_EMIT_LOC_STRINGS = YES;
				SWIFT_VERSION = 5.0;
				TARGETED_DEVICE_FAMILY = 4;
				WATCHOS_DEPLOYMENT_TARGET = 8.5;
			};
			name = Release;
		};
		CBAE8F4B27F7CED100A66830 /* Debug */ = {
			isa = XCBuildConfiguration;
			buildSettings = {
				ALWAYS_EMBED_SWIFT_STANDARD_LIBRARIES = YES;
				ASSETCATALOG_COMPILER_APPICON_NAME = AppIcon;
				ASSETCATALOG_COMPILER_GLOBAL_ACCENT_COLOR_NAME = AccentColor;
				CLANG_ENABLE_MODULES = YES;
				CODE_SIGN_STYLE = Automatic;
				CURRENT_PROJECT_VERSION = 8;
				DEVELOPMENT_TEAM = JW5G6WB9V7;
				GENERATE_INFOPLIST_FILE = YES;
				IBSC_MODULE = ParkRun_WatchKit_Extension;
				INFOPLIST_KEY_UISupportedInterfaceOrientations = "UIInterfaceOrientationPortrait UIInterfaceOrientationPortraitUpsideDown";
				LD_RUNPATH_SEARCH_PATHS = (
					"$(inherited)",
					"@executable_path/../Frameworks",
					"@loader_path/../Frameworks",
				);
				MARKETING_VERSION = 0.2;
				PRODUCT_BUNDLE_IDENTIFIER = schacher.ParkRun.watchkitapp;
				PRODUCT_NAME = ParkRun;
				SDKROOT = watchos;
				SKIP_INSTALL = YES;
				SWIFT_EMIT_LOC_STRINGS = YES;
				SWIFT_OBJC_BRIDGING_HEADER = "ParkRun WatchKit Extension/Views/Title/ParkRun WatchKit App-Bridging-Header.h";
				SWIFT_OPTIMIZATION_LEVEL = "-Onone";
				SWIFT_VERSION = 5.0;
				TARGETED_DEVICE_FAMILY = 4;
				WATCHOS_DEPLOYMENT_TARGET = 8.5;
			};
			name = Debug;
		};
		CBAE8F4C27F7CED100A66830 /* Release */ = {
			isa = XCBuildConfiguration;
			buildSettings = {
				ALWAYS_EMBED_SWIFT_STANDARD_LIBRARIES = YES;
				ASSETCATALOG_COMPILER_APPICON_NAME = AppIcon;
				ASSETCATALOG_COMPILER_GLOBAL_ACCENT_COLOR_NAME = AccentColor;
				CLANG_ENABLE_MODULES = YES;
				CODE_SIGN_STYLE = Automatic;
				CURRENT_PROJECT_VERSION = 8;
				DEVELOPMENT_TEAM = JW5G6WB9V7;
				GENERATE_INFOPLIST_FILE = YES;
				IBSC_MODULE = ParkRun_WatchKit_Extension;
				INFOPLIST_KEY_UISupportedInterfaceOrientations = "UIInterfaceOrientationPortrait UIInterfaceOrientationPortraitUpsideDown";
				LD_RUNPATH_SEARCH_PATHS = (
					"$(inherited)",
					"@executable_path/../Frameworks",
					"@loader_path/../Frameworks",
				);
				MARKETING_VERSION = 0.2;
				PRODUCT_BUNDLE_IDENTIFIER = schacher.ParkRun.watchkitapp;
				PRODUCT_NAME = ParkRun;
				SDKROOT = watchos;
				SKIP_INSTALL = YES;
				SWIFT_EMIT_LOC_STRINGS = YES;
				SWIFT_OBJC_BRIDGING_HEADER = "ParkRun WatchKit Extension/Views/Title/ParkRun WatchKit App-Bridging-Header.h";
				SWIFT_VERSION = 5.0;
				TARGETED_DEVICE_FAMILY = 4;
				WATCHOS_DEPLOYMENT_TARGET = 8.5;
			};
			name = Release;
		};
		CBAE8F4F27F7CED100A66830 /* Debug */ = {
			isa = XCBuildConfiguration;
			buildSettings = {
				CLANG_ENABLE_MODULES = YES;
				CODE_SIGN_STYLE = Automatic;
				CURRENT_PROJECT_VERSION = 8;
				DEVELOPMENT_TEAM = JW5G6WB9V7;
				LD_RUNPATH_SEARCH_PATHS = (
					"$(inherited)",
					"@executable_path/Frameworks",
					"@loader_path/Frameworks",
				);
				MARKETING_VERSION = 0.2;
				PRODUCT_BUNDLE_IDENTIFIER = schacher.ParkRun;
				PRODUCT_NAME = "$(TARGET_NAME)";
				SWIFT_OBJC_BRIDGING_HEADER = "ParkRun WatchKit Extension/Views/Title/ParkRun-Bridging-Header.h";
				SWIFT_OPTIMIZATION_LEVEL = "-Onone";
				SWIFT_VERSION = 5.0;
			};
			name = Debug;
		};
		CBAE8F5027F7CED100A66830 /* Release */ = {
			isa = XCBuildConfiguration;
			buildSettings = {
				CLANG_ENABLE_MODULES = YES;
				CODE_SIGN_STYLE = Automatic;
				CURRENT_PROJECT_VERSION = 8;
				DEVELOPMENT_TEAM = JW5G6WB9V7;
				LD_RUNPATH_SEARCH_PATHS = (
					"$(inherited)",
					"@executable_path/Frameworks",
					"@loader_path/Frameworks",
				);
				MARKETING_VERSION = 0.2;
				PRODUCT_BUNDLE_IDENTIFIER = schacher.ParkRun;
				PRODUCT_NAME = "$(TARGET_NAME)";
				SWIFT_OBJC_BRIDGING_HEADER = "ParkRun WatchKit Extension/Views/Title/ParkRun-Bridging-Header.h";
				SWIFT_VERSION = 5.0;
			};
			name = Release;
		};
		CBAE8F5227F7CED100A66830 /* Debug */ = {
			isa = XCBuildConfiguration;
			buildSettings = {
				ALWAYS_EMBED_SWIFT_STANDARD_LIBRARIES = YES;
				BUNDLE_LOADER = "$(TEST_HOST)";
				CODE_SIGN_STYLE = Automatic;
				CURRENT_PROJECT_VERSION = 1;
				DEVELOPMENT_TEAM = JW5G6WB9V7;
				GENERATE_INFOPLIST_FILE = YES;
				MARKETING_VERSION = 1.0;
				PRODUCT_BUNDLE_IDENTIFIER = schacher.ParkRunTests;
				PRODUCT_NAME = "$(TARGET_NAME)";
				SDKROOT = watchos;
				SWIFT_EMIT_LOC_STRINGS = NO;
				SWIFT_VERSION = 5.0;
				TARGETED_DEVICE_FAMILY = 4;
				TEST_HOST = "$(BUILT_PRODUCTS_DIR)/ParkRun WatchKit Extension.appex/ParkRun WatchKit Extension";
				WATCHOS_DEPLOYMENT_TARGET = 8.5;
			};
			name = Debug;
		};
		CBAE8F5327F7CED100A66830 /* Release */ = {
			isa = XCBuildConfiguration;
			buildSettings = {
				ALWAYS_EMBED_SWIFT_STANDARD_LIBRARIES = YES;
				BUNDLE_LOADER = "$(TEST_HOST)";
				CODE_SIGN_STYLE = Automatic;
				CURRENT_PROJECT_VERSION = 1;
				DEVELOPMENT_TEAM = JW5G6WB9V7;
				GENERATE_INFOPLIST_FILE = YES;
				MARKETING_VERSION = 1.0;
				PRODUCT_BUNDLE_IDENTIFIER = schacher.ParkRunTests;
				PRODUCT_NAME = "$(TARGET_NAME)";
				SDKROOT = watchos;
				SWIFT_EMIT_LOC_STRINGS = NO;
				SWIFT_VERSION = 5.0;
				TARGETED_DEVICE_FAMILY = 4;
				TEST_HOST = "$(BUILT_PRODUCTS_DIR)/ParkRun WatchKit Extension.appex/ParkRun WatchKit Extension";
				WATCHOS_DEPLOYMENT_TARGET = 8.5;
			};
			name = Release;
		};
		CBAE8F5527F7CED100A66830 /* Debug */ = {
			isa = XCBuildConfiguration;
			buildSettings = {
				CODE_SIGN_STYLE = Automatic;
				CURRENT_PROJECT_VERSION = 1;
				DEVELOPMENT_TEAM = JW5G6WB9V7;
				GENERATE_INFOPLIST_FILE = YES;
				MARKETING_VERSION = 1.0;
				PRODUCT_BUNDLE_IDENTIFIER = schacher.ParkRunUITests;
				PRODUCT_NAME = "$(TARGET_NAME)";
				SDKROOT = watchos;
				SWIFT_EMIT_LOC_STRINGS = NO;
				SWIFT_VERSION = 5.0;
				TARGETED_DEVICE_FAMILY = 4;
				TEST_TARGET_NAME = "ParkRun WatchKit App";
				WATCHOS_DEPLOYMENT_TARGET = 8.5;
			};
			name = Debug;
		};
		CBAE8F5627F7CED100A66830 /* Release */ = {
			isa = XCBuildConfiguration;
			buildSettings = {
				CODE_SIGN_STYLE = Automatic;
				CURRENT_PROJECT_VERSION = 1;
				DEVELOPMENT_TEAM = JW5G6WB9V7;
				GENERATE_INFOPLIST_FILE = YES;
				MARKETING_VERSION = 1.0;
				PRODUCT_BUNDLE_IDENTIFIER = schacher.ParkRunUITests;
				PRODUCT_NAME = "$(TARGET_NAME)";
				SDKROOT = watchos;
				SWIFT_EMIT_LOC_STRINGS = NO;
				SWIFT_VERSION = 5.0;
				TARGETED_DEVICE_FAMILY = 4;
				TEST_TARGET_NAME = "ParkRun WatchKit App";
				WATCHOS_DEPLOYMENT_TARGET = 8.5;
			};
			name = Release;
		};
/* End XCBuildConfiguration section */

/* Begin XCConfigurationList section */
		CBAE8F0627F7CECE00A66830 /* Build configuration list for PBXProject "ParkRun" */ = {
			isa = XCConfigurationList;
			buildConfigurations = (
				CBAE8F4427F7CED100A66830 /* Debug */,
				CBAE8F4527F7CED100A66830 /* Release */,
			);
			defaultConfigurationIsVisible = 0;
			defaultConfigurationName = Release;
		};
		CBAE8F4627F7CED100A66830 /* Build configuration list for PBXNativeTarget "ParkRun WatchKit Extension" */ = {
			isa = XCConfigurationList;
			buildConfigurations = (
				CBAE8F4727F7CED100A66830 /* Debug */,
				CBAE8F4827F7CED100A66830 /* Release */,
			);
			defaultConfigurationIsVisible = 0;
			defaultConfigurationName = Release;
		};
		CBAE8F4A27F7CED100A66830 /* Build configuration list for PBXNativeTarget "ParkRun WatchKit App" */ = {
			isa = XCConfigurationList;
			buildConfigurations = (
				CBAE8F4B27F7CED100A66830 /* Debug */,
				CBAE8F4C27F7CED100A66830 /* Release */,
			);
			defaultConfigurationIsVisible = 0;
			defaultConfigurationName = Release;
		};
		CBAE8F4E27F7CED100A66830 /* Build configuration list for PBXNativeTarget "ParkRun" */ = {
			isa = XCConfigurationList;
			buildConfigurations = (
				CBAE8F4F27F7CED100A66830 /* Debug */,
				CBAE8F5027F7CED100A66830 /* Release */,
			);
			defaultConfigurationIsVisible = 0;
			defaultConfigurationName = Release;
		};
		CBAE8F5127F7CED100A66830 /* Build configuration list for PBXNativeTarget "ParkRunTests" */ = {
			isa = XCConfigurationList;
			buildConfigurations = (
				CBAE8F5227F7CED100A66830 /* Debug */,
				CBAE8F5327F7CED100A66830 /* Release */,
			);
			defaultConfigurationIsVisible = 0;
			defaultConfigurationName = Release;
		};
		CBAE8F5427F7CED100A66830 /* Build configuration list for PBXNativeTarget "ParkRunUITests" */ = {
			isa = XCConfigurationList;
			buildConfigurations = (
				CBAE8F5527F7CED100A66830 /* Debug */,
				CBAE8F5627F7CED100A66830 /* Release */,
			);
			defaultConfigurationIsVisible = 0;
			defaultConfigurationName = Release;
		};
/* End XCConfigurationList section */

/* Begin XCRemoteSwiftPackageReference section */
		CBE106AB27FD56FB008AF35B /* XCRemoteSwiftPackageReference "BarcodeKit" */ = {
			isa = XCRemoteSwiftPackageReference;
			repositoryURL = "https://github.com/quoimec/BarcodeKit.git";
			requirement = {
				branch = main;
				kind = branch;
			};
		};
/* End XCRemoteSwiftPackageReference section */

/* Begin XCSwiftPackageProductDependency section */
		CBE106AC27FD56FB008AF35B /* BarcodeKit */ = {
			isa = XCSwiftPackageProductDependency;
			package = CBE106AB27FD56FB008AF35B /* XCRemoteSwiftPackageReference "BarcodeKit" */;
			productName = BarcodeKit;
		};
		CBE6C21428024D880080CDC8 /* BarcodeKit */ = {
			isa = XCSwiftPackageProductDependency;
			package = CBE106AB27FD56FB008AF35B /* XCRemoteSwiftPackageReference "BarcodeKit" */;
			productName = BarcodeKit;
		};
/* End XCSwiftPackageProductDependency section */

/* Begin XCVersionGroup section */
		CB4D46DB281BD6BB00B3BF4A /* ParkRun.xcdatamodeld */ = {
			isa = XCVersionGroup;
			children = (
				CB4D46DC281BD6BB00B3BF4A /* Data.xcdatamodel */,
			);
			currentVersion = CB4D46DC281BD6BB00B3BF4A /* Data.xcdatamodel */;
			path = ParkRun.xcdatamodeld;
			sourceTree = "<group>";
			versionGroupType = wrapper.xcdatamodel;
		};
/* End XCVersionGroup section */
	};
	rootObject = CBAE8F0327F7CECE00A66830 /* Project object */;
}
