// !$*UTF8*$!
{
	archiveVersion = 1;
	classes = {
	};
	objectVersion = 55;
	objects = {

/* Begin PBXBuildFile section */
		CB0C858B28D574D60063AAFB /* ParkRunApp.swift in Sources */ = {isa = PBXBuildFile; fileRef = CB0C853D28D574D60063AAFB /* ParkRunApp.swift */; };
		CB0C858C28D574D60063AAFB /* Assets.xcassets in Resources */ = {isa = PBXBuildFile; fileRef = CB0C853E28D574D60063AAFB /* Assets.xcassets */; };
		CB0C858D28D574D60063AAFB /* Preview Assets.xcassets in Resources */ = {isa = PBXBuildFile; fileRef = CB0C854028D574D60063AAFB /* Preview Assets.xcassets */; };
		CB0C858E28D574D60063AAFB /* View.swift in Sources */ = {isa = PBXBuildFile; fileRef = CB0C854228D574D60063AAFB /* View.swift */; };
		CB0C858F28D574D60063AAFB /* Colour.swift in Sources */ = {isa = PBXBuildFile; fileRef = CB0C854328D574D60063AAFB /* Colour.swift */; };
		CB0C859028D574D60063AAFB /* Codable.swift in Sources */ = {isa = PBXBuildFile; fileRef = CB0C854428D574D60063AAFB /* Codable.swift */; };
		CB0C859128D574D60063AAFB /* Prefix.swift in Sources */ = {isa = PBXBuildFile; fileRef = CB0C854528D574D60063AAFB /* Prefix.swift */; };
		CB0C859228D574D60063AAFB /* Values.swift in Sources */ = {isa = PBXBuildFile; fileRef = CB0C854628D574D60063AAFB /* Values.swift */; };
		CB0C859428D574D60063AAFB /* LocationController.swift in Sources */ = {isa = PBXBuildFile; fileRef = CB0C854928D574D60063AAFB /* LocationController.swift */; };
		CB0C859528D574D60063AAFB /* RunnerController.swift in Sources */ = {isa = PBXBuildFile; fileRef = CB0C854A28D574D60063AAFB /* RunnerController.swift */; };
		CB0C859628D574D60063AAFB /* DataController.swift in Sources */ = {isa = PBXBuildFile; fileRef = CB0C854B28D574D60063AAFB /* DataController.swift */; };
		CB0C859728D574D60063AAFB /* ParkRunnings.xcdatamodeld in Sources */ = {isa = PBXBuildFile; fileRef = CB0C854C28D574D60063AAFB /* ParkRunnings.xcdatamodeld */; };
		CB0C859828D574D60063AAFB /* Errors.swift in Sources */ = {isa = PBXBuildFile; fileRef = CB0C854F28D574D60063AAFB /* Errors.swift */; };
		CB0C859928D574D60063AAFB /* Types.swift in Sources */ = {isa = PBXBuildFile; fileRef = CB0C855028D574D60063AAFB /* Types.swift */; };
		CB0C859A28D574D60063AAFB /* Event.swift in Sources */ = {isa = PBXBuildFile; fileRef = CB0C855228D574D60063AAFB /* Event.swift */; };
		CB0C859B28D574D60063AAFB /* Sync.swift in Sources */ = {isa = PBXBuildFile; fileRef = CB0C855328D574D60063AAFB /* Sync.swift */; };
		CB0C859C28D574D60063AAFB /* Meta.swift in Sources */ = {isa = PBXBuildFile; fileRef = CB0C855428D574D60063AAFB /* Meta.swift */; };
		CB0C859D28D574D60063AAFB /* Runner.swift in Sources */ = {isa = PBXBuildFile; fileRef = CB0C855528D574D60063AAFB /* Runner.swift */; };
		CB0C859E28D574D60063AAFB /* State.swift in Sources */ = {isa = PBXBuildFile; fileRef = CB0C855628D574D60063AAFB /* State.swift */; };
		CB0C859F28D574D60063AAFB /* Refreshable.swift in Sources */ = {isa = PBXBuildFile; fileRef = CB0C855828D574D60063AAFB /* Refreshable.swift */; };
		CB0C85A028D574D60063AAFB /* Course.swift in Sources */ = {isa = PBXBuildFile; fileRef = CB0C855928D574D60063AAFB /* Course.swift */; };
		CB0C85A128D574D60063AAFB /* CourseImage.swift in Sources */ = {isa = PBXBuildFile; fileRef = CB0C855A28D574D60063AAFB /* CourseImage.swift */; };
		CB0C85A228D574D60063AAFB /* map.png in Resources */ = {isa = PBXBuildFile; fileRef = CB0C855C28D574D60063AAFB /* map.png */; };
		CB0C85A328D574D60063AAFB /* master.json in Resources */ = {isa = PBXBuildFile; fileRef = CB0C855D28D574D60063AAFB /* master.json */; };
		CB0C85A428D574D60063AAFB /* DesignController.swift in Sources */ = {isa = PBXBuildFile; fileRef = CB0C855E28D574D60063AAFB /* DesignController.swift */; };
		CB0C85A528D574D60063AAFB /* EventController.swift in Sources */ = {isa = PBXBuildFile; fileRef = CB0C855F28D574D60063AAFB /* EventController.swift */; };
		CB0C85A628D574D60063AAFB /* SyncController.swift in Sources */ = {isa = PBXBuildFile; fileRef = CB0C856028D574D60063AAFB /* SyncController.swift */; };
		CB0C85A728D574D60063AAFB /* MetaController.swift in Sources */ = {isa = PBXBuildFile; fileRef = CB0C856128D574D60063AAFB /* MetaController.swift */; };
		CB0C85A828D574D60063AAFB /* InputButtonElement.swift in Sources */ = {isa = PBXBuildFile; fileRef = CB0C856528D574D60063AAFB /* InputButtonElement.swift */; };
		CB0C85A928D574D60063AAFB /* InputConfirmationElement.swift in Sources */ = {isa = PBXBuildFile; fileRef = CB0C856628D574D60063AAFB /* InputConfirmationElement.swift */; };
		CB0C85AA28D574D60063AAFB /* InputView.swift in Sources */ = {isa = PBXBuildFile; fileRef = CB0C856728D574D60063AAFB /* InputView.swift */; };
		CB0C85AB28D574D60063AAFB /* SetupView.swift in Sources */ = {isa = PBXBuildFile; fileRef = CB0C856928D574D60063AAFB /* SetupView.swift */; };
		CB0C85AC28D574D60063AAFB /* SetupDetailsElement.swift in Sources */ = {isa = PBXBuildFile; fileRef = CB0C856B28D574D60063AAFB /* SetupDetailsElement.swift */; };
		CB0C85AD28D574D60063AAFB /* WelcomeView.swift in Sources */ = {isa = PBXBuildFile; fileRef = CB0C856D28D574D60063AAFB /* WelcomeView.swift */; };
		CB0C85AE28D574D60063AAFB /* GeneralElements.swift in Sources */ = {isa = PBXBuildFile; fileRef = CB0C857028D574D60063AAFB /* GeneralElements.swift */; };
		CB0C85AF28D574D60063AAFB /* TextElements.swift in Sources */ = {isa = PBXBuildFile; fileRef = CB0C857128D574D60063AAFB /* TextElements.swift */; };
		CB0C85B028D574D60063AAFB /* CardElement.swift in Sources */ = {isa = PBXBuildFile; fileRef = CB0C857228D574D60063AAFB /* CardElement.swift */; };
		CB0C85B128D574D60063AAFB /* ProgressElements.swift in Sources */ = {isa = PBXBuildFile; fileRef = CB0C857328D574D60063AAFB /* ProgressElements.swift */; };
		CB0C85B228D574D60063AAFB /* ProfileElements.swift in Sources */ = {isa = PBXBuildFile; fileRef = CB0C857428D574D60063AAFB /* ProfileElements.swift */; };
		CB0C85B328D574D60063AAFB /* ButtonElements.swift in Sources */ = {isa = PBXBuildFile; fileRef = CB0C857528D574D60063AAFB /* ButtonElements.swift */; };
		CB0C85B428D574D60063AAFB /* MapView.swift in Sources */ = {isa = PBXBuildFile; fileRef = CB0C857728D574D60063AAFB /* MapView.swift */; };
		CB0C85B528D574D60063AAFB /* BarcodeCardElement.swift in Sources */ = {isa = PBXBuildFile; fileRef = CB0C857A28D574D60063AAFB /* BarcodeCardElement.swift */; };
		CB0C85B628D574D60063AAFB /* BarcodeView.swift in Sources */ = {isa = PBXBuildFile; fileRef = CB0C857B28D574D60063AAFB /* BarcodeView.swift */; };
		CB0C85B728D574D60063AAFB /* MainProgressElement.swift in Sources */ = {isa = PBXBuildFile; fileRef = CB0C857E28D574D60063AAFB /* MainProgressElement.swift */; };
		CB0C85B828D574D60063AAFB /* MainView.swift in Sources */ = {isa = PBXBuildFile; fileRef = CB0C857F28D574D60063AAFB /* MainView.swift */; };
		CB0C85B928D574D60063AAFB /* EventView.swift in Sources */ = {isa = PBXBuildFile; fileRef = CB0C858128D574D60063AAFB /* EventView.swift */; };
		CB0C85BA28D574D60063AAFB /* EventLocationElement.swift in Sources */ = {isa = PBXBuildFile; fileRef = CB0C858328D574D60063AAFB /* EventLocationElement.swift */; };
		CB0C85BB28D574D60063AAFB /* EventListElement.swift in Sources */ = {isa = PBXBuildFile; fileRef = CB0C858428D574D60063AAFB /* EventListElement.swift */; };
		CB0C85BC28D574D60063AAFB /* HelpView.swift in Sources */ = {isa = PBXBuildFile; fileRef = CB0C858628D574D60063AAFB /* HelpView.swift */; };
		CB0C85C028D575C80063AAFB /* SwiftSoup in Frameworks */ = {isa = PBXBuildFile; productRef = CB0C85BF28D575C80063AAFB /* SwiftSoup */; };
		CB0C85C228D575C80063AAFB /* BarcodeKit in Frameworks */ = {isa = PBXBuildFile; productRef = CB0C85C128D575C80063AAFB /* BarcodeKit */; };
		CB40D13228D5723000995E8B /* ParkRunnings Watch App.app in Embed Watch Content */ = {isa = PBXBuildFile; fileRef = CB40D13128D5723000995E8B /* ParkRunnings Watch App.app */; settings = {ATTRIBUTES = (RemoveHeadersOnCopy, ); }; };
		CB40D14828D5723000995E8B /* RunnerController_Tests.swift in Sources */ = {isa = PBXBuildFile; fileRef = CB40D14728D5723000995E8B /* RunnerController_Tests.swift */; };
		CB754A7D28FE03FF00697B42 /* Results.swift in Sources */ = {isa = PBXBuildFile; fileRef = CB754A7C28FE03FF00697B42 /* Results.swift */; };
		CB754A7F28FF4C3A00697B42 /* ResultTimelineElement.swift in Sources */ = {isa = PBXBuildFile; fileRef = CB754A7E28FF4C3A00697B42 /* ResultTimelineElement.swift */; };
		CB754A8129011F6300697B42 /* ResultTitleElement.swift in Sources */ = {isa = PBXBuildFile; fileRef = CB754A8029011F6300697B42 /* ResultTitleElement.swift */; };
		CB82222C2911C20500C419D9 /* PermissionView.swift in Sources */ = {isa = PBXBuildFile; fileRef = CB82222B2911C20500C419D9 /* PermissionView.swift */; };
		CB82222E2911DA1600C419D9 /* Random.swift in Sources */ = {isa = PBXBuildFile; fileRef = CB82222D2911DA1600C419D9 /* Random.swift */; };
		CB822230291227D400C419D9 /* VersionView.swift in Sources */ = {isa = PBXBuildFile; fileRef = CB82222F291227D400C419D9 /* VersionView.swift */; };
		CB9691872AAC07D3004DDB7C /* EventController_Tests.swift in Sources */ = {isa = PBXBuildFile; fileRef = CB9691862AAC07D3004DDB7C /* EventController_Tests.swift */; };
		CBA509DE29E233D90005B189 /* AboutView.swift in Sources */ = {isa = PBXBuildFile; fileRef = CBA509DD29E233D90005B189 /* AboutView.swift */; };
		CBB6106428F8BB3B001D55A9 /* StatTitleElement.swift in Sources */ = {isa = PBXBuildFile; fileRef = CBB6106328F8BB3B001D55A9 /* StatTitleElement.swift */; };
		CBB6106628F8CB52001D55A9 /* StatRefreshElement.swift in Sources */ = {isa = PBXBuildFile; fileRef = CBB6106528F8CB52001D55A9 /* StatRefreshElement.swift */; };
		CBB6106828FA53CB001D55A9 /* Watch.swift in Sources */ = {isa = PBXBuildFile; fileRef = CBB6106728FA53CB001D55A9 /* Watch.swift */; };
		CBB6106B28FCDD2E001D55A9 /* StatBurndownChart.swift in Sources */ = {isa = PBXBuildFile; fileRef = CBB6106A28FCDD2E001D55A9 /* StatBurndownChart.swift */; };
		CBB6106D28FCDD4B001D55A9 /* StatLegendElement.swift in Sources */ = {isa = PBXBuildFile; fileRef = CBB6106C28FCDD4B001D55A9 /* StatLegendElement.swift */; };
		CBB6107028FD36A0001D55A9 /* ResultsView.swift in Sources */ = {isa = PBXBuildFile; fileRef = CBB6106F28FD36A0001D55A9 /* ResultsView.swift */; };
		CBB6107428FD3715001D55A9 /* ResultRunElement.swift in Sources */ = {isa = PBXBuildFile; fileRef = CBB6107328FD3715001D55A9 /* ResultRunElement.swift */; };
		CBE207B028F1657900B3D42C /* Run.swift in Sources */ = {isa = PBXBuildFile; fileRef = CBE207AF28F1657900B3D42C /* Run.swift */; };
		CBE207B228F1689F00B3D42C /* Set.swift in Sources */ = {isa = PBXBuildFile; fileRef = CBE207B128F1689F00B3D42C /* Set.swift */; };
		CBE207B628F2382D00B3D42C /* StatValueElement.swift in Sources */ = {isa = PBXBuildFile; fileRef = CBE207B528F2382D00B3D42C /* StatValueElement.swift */; };
		CBE207B828F2674300B3D42C /* StatsView.swift in Sources */ = {isa = PBXBuildFile; fileRef = CBE207B728F2674300B3D42C /* StatsView.swift */; };
		CBE207BA28F2704E00B3D42C /* StatMilestoneElement.swift in Sources */ = {isa = PBXBuildFile; fileRef = CBE207B928F2704E00B3D42C /* StatMilestoneElement.swift */; };
		CBE207BC28F27ABE00B3D42C /* Milestone.swift in Sources */ = {isa = PBXBuildFile; fileRef = CBE207BB28F27ABE00B3D42C /* Milestone.swift */; };
		CBE207BF28F2878D00B3D42C /* StatMonthlyChart.swift in Sources */ = {isa = PBXBuildFile; fileRef = CBE207BE28F2878D00B3D42C /* StatMonthlyChart.swift */; };
		CBE207C228F4C83B00B3D42C /* Stats.swift in Sources */ = {isa = PBXBuildFile; fileRef = CBE207C128F4C83B00B3D42C /* Stats.swift */; };
/* End PBXBuildFile section */

/* Begin PBXContainerItemProxy section */
		CB40D13328D5723000995E8B /* PBXContainerItemProxy */ = {
			isa = PBXContainerItemProxy;
			containerPortal = CBAE8F0327F7CECE00A66830 /* Project object */;
			proxyType = 1;
			remoteGlobalIDString = CB40D13028D5723000995E8B;
			remoteInfo = "ParkRunnings Watch App";
		};
		CB40D14428D5723000995E8B /* PBXContainerItemProxy */ = {
			isa = PBXContainerItemProxy;
			containerPortal = CBAE8F0327F7CECE00A66830 /* Project object */;
			proxyType = 1;
			remoteGlobalIDString = CB40D13028D5723000995E8B;
			remoteInfo = "ParkRunnings Watch App";
		};
/* End PBXContainerItemProxy section */

/* Begin PBXCopyFilesBuildPhase section */
		CB40D15828D5723000995E8B /* Embed Watch Content */ = {
			isa = PBXCopyFilesBuildPhase;
			buildActionMask = 2147483647;
			dstPath = "$(CONTENTS_FOLDER_PATH)/Watch";
			dstSubfolderSpec = 16;
			files = (
				CB40D13228D5723000995E8B /* ParkRunnings Watch App.app in Embed Watch Content */,
			);
			name = "Embed Watch Content";
			runOnlyForDeploymentPostprocessing = 0;
		};
/* End PBXCopyFilesBuildPhase section */

/* Begin PBXFileReference section */
		CB0C853D28D574D60063AAFB /* ParkRunApp.swift */ = {isa = PBXFileReference; fileEncoding = 4; lastKnownFileType = sourcecode.swift; path = ParkRunApp.swift; sourceTree = "<group>"; };
		CB0C853E28D574D60063AAFB /* Assets.xcassets */ = {isa = PBXFileReference; lastKnownFileType = folder.assetcatalog; path = Assets.xcassets; sourceTree = "<group>"; };
		CB0C854028D574D60063AAFB /* Preview Assets.xcassets */ = {isa = PBXFileReference; lastKnownFileType = folder.assetcatalog; path = "Preview Assets.xcassets"; sourceTree = "<group>"; };
		CB0C854228D574D60063AAFB /* View.swift */ = {isa = PBXFileReference; fileEncoding = 4; lastKnownFileType = sourcecode.swift; path = View.swift; sourceTree = "<group>"; };
		CB0C854328D574D60063AAFB /* Colour.swift */ = {isa = PBXFileReference; fileEncoding = 4; lastKnownFileType = sourcecode.swift; path = Colour.swift; sourceTree = "<group>"; };
		CB0C854428D574D60063AAFB /* Codable.swift */ = {isa = PBXFileReference; fileEncoding = 4; lastKnownFileType = sourcecode.swift; path = Codable.swift; sourceTree = "<group>"; };
		CB0C854528D574D60063AAFB /* Prefix.swift */ = {isa = PBXFileReference; fileEncoding = 4; lastKnownFileType = sourcecode.swift; path = Prefix.swift; sourceTree = "<group>"; };
		CB0C854628D574D60063AAFB /* Values.swift */ = {isa = PBXFileReference; fileEncoding = 4; lastKnownFileType = sourcecode.swift; path = Values.swift; sourceTree = "<group>"; };
		CB0C854928D574D60063AAFB /* LocationController.swift */ = {isa = PBXFileReference; fileEncoding = 4; lastKnownFileType = sourcecode.swift; path = LocationController.swift; sourceTree = "<group>"; };
		CB0C854A28D574D60063AAFB /* RunnerController.swift */ = {isa = PBXFileReference; fileEncoding = 4; lastKnownFileType = sourcecode.swift; path = RunnerController.swift; sourceTree = "<group>"; };
		CB0C854B28D574D60063AAFB /* DataController.swift */ = {isa = PBXFileReference; fileEncoding = 4; lastKnownFileType = sourcecode.swift; path = DataController.swift; sourceTree = "<group>"; };
		CB0C854D28D574D60063AAFB /* Data.xcdatamodel */ = {isa = PBXFileReference; lastKnownFileType = wrapper.xcdatamodel; path = Data.xcdatamodel; sourceTree = "<group>"; };
		CB0C854F28D574D60063AAFB /* Errors.swift */ = {isa = PBXFileReference; fileEncoding = 4; lastKnownFileType = sourcecode.swift; path = Errors.swift; sourceTree = "<group>"; };
		CB0C855028D574D60063AAFB /* Types.swift */ = {isa = PBXFileReference; fileEncoding = 4; lastKnownFileType = sourcecode.swift; path = Types.swift; sourceTree = "<group>"; };
		CB0C855228D574D60063AAFB /* Event.swift */ = {isa = PBXFileReference; fileEncoding = 4; lastKnownFileType = sourcecode.swift; path = Event.swift; sourceTree = "<group>"; };
		CB0C855328D574D60063AAFB /* Sync.swift */ = {isa = PBXFileReference; fileEncoding = 4; lastKnownFileType = sourcecode.swift; path = Sync.swift; sourceTree = "<group>"; };
		CB0C855428D574D60063AAFB /* Meta.swift */ = {isa = PBXFileReference; fileEncoding = 4; lastKnownFileType = sourcecode.swift; path = Meta.swift; sourceTree = "<group>"; };
		CB0C855528D574D60063AAFB /* Runner.swift */ = {isa = PBXFileReference; fileEncoding = 4; lastKnownFileType = sourcecode.swift; path = Runner.swift; sourceTree = "<group>"; };
		CB0C855628D574D60063AAFB /* State.swift */ = {isa = PBXFileReference; fileEncoding = 4; lastKnownFileType = sourcecode.swift; path = State.swift; sourceTree = "<group>"; };
		CB0C855828D574D60063AAFB /* Refreshable.swift */ = {isa = PBXFileReference; fileEncoding = 4; lastKnownFileType = sourcecode.swift; path = Refreshable.swift; sourceTree = "<group>"; };
		CB0C855928D574D60063AAFB /* Course.swift */ = {isa = PBXFileReference; fileEncoding = 4; lastKnownFileType = sourcecode.swift; path = Course.swift; sourceTree = "<group>"; };
		CB0C855A28D574D60063AAFB /* CourseImage.swift */ = {isa = PBXFileReference; fileEncoding = 4; lastKnownFileType = sourcecode.swift; path = CourseImage.swift; sourceTree = "<group>"; };
		CB0C855C28D574D60063AAFB /* map.png */ = {isa = PBXFileReference; lastKnownFileType = image.png; path = map.png; sourceTree = "<group>"; };
		CB0C855D28D574D60063AAFB /* master.json */ = {isa = PBXFileReference; fileEncoding = 4; lastKnownFileType = text.json; path = master.json; sourceTree = "<group>"; };
		CB0C855E28D574D60063AAFB /* DesignController.swift */ = {isa = PBXFileReference; fileEncoding = 4; lastKnownFileType = sourcecode.swift; path = DesignController.swift; sourceTree = "<group>"; };
		CB0C855F28D574D60063AAFB /* EventController.swift */ = {isa = PBXFileReference; fileEncoding = 4; lastKnownFileType = sourcecode.swift; path = EventController.swift; sourceTree = "<group>"; };
		CB0C856028D574D60063AAFB /* SyncController.swift */ = {isa = PBXFileReference; fileEncoding = 4; lastKnownFileType = sourcecode.swift; path = SyncController.swift; sourceTree = "<group>"; };
		CB0C856128D574D60063AAFB /* MetaController.swift */ = {isa = PBXFileReference; fileEncoding = 4; lastKnownFileType = sourcecode.swift; path = MetaController.swift; sourceTree = "<group>"; };
		CB0C856528D574D60063AAFB /* InputButtonElement.swift */ = {isa = PBXFileReference; fileEncoding = 4; lastKnownFileType = sourcecode.swift; path = InputButtonElement.swift; sourceTree = "<group>"; };
		CB0C856628D574D60063AAFB /* InputConfirmationElement.swift */ = {isa = PBXFileReference; fileEncoding = 4; lastKnownFileType = sourcecode.swift; path = InputConfirmationElement.swift; sourceTree = "<group>"; };
		CB0C856728D574D60063AAFB /* InputView.swift */ = {isa = PBXFileReference; fileEncoding = 4; lastKnownFileType = sourcecode.swift; path = InputView.swift; sourceTree = "<group>"; };
		CB0C856928D574D60063AAFB /* SetupView.swift */ = {isa = PBXFileReference; fileEncoding = 4; lastKnownFileType = sourcecode.swift; path = SetupView.swift; sourceTree = "<group>"; };
		CB0C856B28D574D60063AAFB /* SetupDetailsElement.swift */ = {isa = PBXFileReference; fileEncoding = 4; lastKnownFileType = sourcecode.swift; path = SetupDetailsElement.swift; sourceTree = "<group>"; };
		CB0C856D28D574D60063AAFB /* WelcomeView.swift */ = {isa = PBXFileReference; fileEncoding = 4; lastKnownFileType = sourcecode.swift; path = WelcomeView.swift; sourceTree = "<group>"; };
		CB0C857028D574D60063AAFB /* GeneralElements.swift */ = {isa = PBXFileReference; fileEncoding = 4; lastKnownFileType = sourcecode.swift; path = GeneralElements.swift; sourceTree = "<group>"; };
		CB0C857128D574D60063AAFB /* TextElements.swift */ = {isa = PBXFileReference; fileEncoding = 4; lastKnownFileType = sourcecode.swift; path = TextElements.swift; sourceTree = "<group>"; };
		CB0C857228D574D60063AAFB /* CardElement.swift */ = {isa = PBXFileReference; fileEncoding = 4; lastKnownFileType = sourcecode.swift; path = CardElement.swift; sourceTree = "<group>"; };
		CB0C857328D574D60063AAFB /* ProgressElements.swift */ = {isa = PBXFileReference; fileEncoding = 4; lastKnownFileType = sourcecode.swift; path = ProgressElements.swift; sourceTree = "<group>"; };
		CB0C857428D574D60063AAFB /* ProfileElements.swift */ = {isa = PBXFileReference; fileEncoding = 4; lastKnownFileType = sourcecode.swift; path = ProfileElements.swift; sourceTree = "<group>"; };
		CB0C857528D574D60063AAFB /* ButtonElements.swift */ = {isa = PBXFileReference; fileEncoding = 4; lastKnownFileType = sourcecode.swift; path = ButtonElements.swift; sourceTree = "<group>"; };
		CB0C857728D574D60063AAFB /* MapView.swift */ = {isa = PBXFileReference; fileEncoding = 4; lastKnownFileType = sourcecode.swift; path = MapView.swift; sourceTree = "<group>"; };
		CB0C857A28D574D60063AAFB /* BarcodeCardElement.swift */ = {isa = PBXFileReference; fileEncoding = 4; lastKnownFileType = sourcecode.swift; path = BarcodeCardElement.swift; sourceTree = "<group>"; };
		CB0C857B28D574D60063AAFB /* BarcodeView.swift */ = {isa = PBXFileReference; fileEncoding = 4; lastKnownFileType = sourcecode.swift; path = BarcodeView.swift; sourceTree = "<group>"; };
		CB0C857E28D574D60063AAFB /* MainProgressElement.swift */ = {isa = PBXFileReference; fileEncoding = 4; lastKnownFileType = sourcecode.swift; path = MainProgressElement.swift; sourceTree = "<group>"; };
		CB0C857F28D574D60063AAFB /* MainView.swift */ = {isa = PBXFileReference; fileEncoding = 4; lastKnownFileType = sourcecode.swift; path = MainView.swift; sourceTree = "<group>"; };
		CB0C858128D574D60063AAFB /* EventView.swift */ = {isa = PBXFileReference; fileEncoding = 4; lastKnownFileType = sourcecode.swift; path = EventView.swift; sourceTree = "<group>"; };
		CB0C858328D574D60063AAFB /* EventLocationElement.swift */ = {isa = PBXFileReference; fileEncoding = 4; lastKnownFileType = sourcecode.swift; path = EventLocationElement.swift; sourceTree = "<group>"; };
		CB0C858428D574D60063AAFB /* EventListElement.swift */ = {isa = PBXFileReference; fileEncoding = 4; lastKnownFileType = sourcecode.swift; path = EventListElement.swift; sourceTree = "<group>"; };
		CB0C858628D574D60063AAFB /* HelpView.swift */ = {isa = PBXFileReference; fileEncoding = 4; lastKnownFileType = sourcecode.swift; path = HelpView.swift; sourceTree = "<group>"; };
		CB0C865E28D85F530063AAFB /* README.md */ = {isa = PBXFileReference; lastKnownFileType = net.daringfireball.markdown; path = README.md; sourceTree = "<group>"; };
		CB40D12C28D5722F00995E8B /* ParkRunnings.app */ = {isa = PBXFileReference; explicitFileType = wrapper.application; includeInIndex = 0; path = ParkRunnings.app; sourceTree = BUILT_PRODUCTS_DIR; };
		CB40D13128D5723000995E8B /* ParkRunnings Watch App.app */ = {isa = PBXFileReference; explicitFileType = wrapper.application; includeInIndex = 0; path = "ParkRunnings Watch App.app"; sourceTree = BUILT_PRODUCTS_DIR; };
		CB40D14328D5723000995E8B /* ParkRunnings Watch AppTests.xctest */ = {isa = PBXFileReference; explicitFileType = wrapper.cfbundle; includeInIndex = 0; path = "ParkRunnings Watch AppTests.xctest"; sourceTree = BUILT_PRODUCTS_DIR; };
		CB40D14728D5723000995E8B /* RunnerController_Tests.swift */ = {isa = PBXFileReference; lastKnownFileType = sourcecode.swift; path = RunnerController_Tests.swift; sourceTree = "<group>"; };
		CB754A7C28FE03FF00697B42 /* Results.swift */ = {isa = PBXFileReference; lastKnownFileType = sourcecode.swift; path = Results.swift; sourceTree = "<group>"; };
		CB754A7E28FF4C3A00697B42 /* ResultTimelineElement.swift */ = {isa = PBXFileReference; lastKnownFileType = sourcecode.swift; path = ResultTimelineElement.swift; sourceTree = "<group>"; };
		CB754A8029011F6300697B42 /* ResultTitleElement.swift */ = {isa = PBXFileReference; lastKnownFileType = sourcecode.swift; path = ResultTitleElement.swift; sourceTree = "<group>"; };
		CB82222B2911C20500C419D9 /* PermissionView.swift */ = {isa = PBXFileReference; lastKnownFileType = sourcecode.swift; path = PermissionView.swift; sourceTree = "<group>"; };
		CB82222D2911DA1600C419D9 /* Random.swift */ = {isa = PBXFileReference; lastKnownFileType = sourcecode.swift; path = Random.swift; sourceTree = "<group>"; };
		CB82222F291227D400C419D9 /* VersionView.swift */ = {isa = PBXFileReference; lastKnownFileType = sourcecode.swift; path = VersionView.swift; sourceTree = "<group>"; };
		CB9691862AAC07D3004DDB7C /* EventController_Tests.swift */ = {isa = PBXFileReference; lastKnownFileType = sourcecode.swift; path = EventController_Tests.swift; sourceTree = "<group>"; };
		CB96918A2AAC107B004DDB7C /* CHANGELOG.md */ = {isa = PBXFileReference; lastKnownFileType = net.daringfireball.markdown; path = CHANGELOG.md; sourceTree = "<group>"; };
		CBA509DB29DFBD320005B189 /* ParkRunnings-Watch-AppTests-Info.plist */ = {isa = PBXFileReference; lastKnownFileType = text.plist; path = "ParkRunnings-Watch-AppTests-Info.plist"; sourceTree = SOURCE_ROOT; };
		CBA509DD29E233D90005B189 /* AboutView.swift */ = {isa = PBXFileReference; lastKnownFileType = sourcecode.swift; path = AboutView.swift; sourceTree = "<group>"; };
		CBB6106328F8BB3B001D55A9 /* StatTitleElement.swift */ = {isa = PBXFileReference; lastKnownFileType = sourcecode.swift; path = StatTitleElement.swift; sourceTree = "<group>"; };
		CBB6106528F8CB52001D55A9 /* StatRefreshElement.swift */ = {isa = PBXFileReference; lastKnownFileType = sourcecode.swift; path = StatRefreshElement.swift; sourceTree = "<group>"; };
		CBB6106728FA53CB001D55A9 /* Watch.swift */ = {isa = PBXFileReference; lastKnownFileType = sourcecode.swift; path = Watch.swift; sourceTree = "<group>"; };
		CBB6106A28FCDD2E001D55A9 /* StatBurndownChart.swift */ = {isa = PBXFileReference; lastKnownFileType = sourcecode.swift; path = StatBurndownChart.swift; sourceTree = "<group>"; };
		CBB6106C28FCDD4B001D55A9 /* StatLegendElement.swift */ = {isa = PBXFileReference; lastKnownFileType = sourcecode.swift; path = StatLegendElement.swift; sourceTree = "<group>"; };
		CBB6106F28FD36A0001D55A9 /* ResultsView.swift */ = {isa = PBXFileReference; lastKnownFileType = sourcecode.swift; path = ResultsView.swift; sourceTree = "<group>"; };
		CBB6107328FD3715001D55A9 /* ResultRunElement.swift */ = {isa = PBXFileReference; lastKnownFileType = sourcecode.swift; path = ResultRunElement.swift; sourceTree = "<group>"; };
		CBE207AF28F1657900B3D42C /* Run.swift */ = {isa = PBXFileReference; lastKnownFileType = sourcecode.swift; path = Run.swift; sourceTree = "<group>"; };
		CBE207B128F1689F00B3D42C /* Set.swift */ = {isa = PBXFileReference; lastKnownFileType = sourcecode.swift; path = Set.swift; sourceTree = "<group>"; };
		CBE207B528F2382D00B3D42C /* StatValueElement.swift */ = {isa = PBXFileReference; lastKnownFileType = sourcecode.swift; path = StatValueElement.swift; sourceTree = "<group>"; };
		CBE207B728F2674300B3D42C /* StatsView.swift */ = {isa = PBXFileReference; lastKnownFileType = sourcecode.swift; path = StatsView.swift; sourceTree = "<group>"; };
		CBE207B928F2704E00B3D42C /* StatMilestoneElement.swift */ = {isa = PBXFileReference; lastKnownFileType = sourcecode.swift; path = StatMilestoneElement.swift; sourceTree = "<group>"; };
		CBE207BB28F27ABE00B3D42C /* Milestone.swift */ = {isa = PBXFileReference; lastKnownFileType = sourcecode.swift; path = Milestone.swift; sourceTree = "<group>"; };
		CBE207BE28F2878D00B3D42C /* StatMonthlyChart.swift */ = {isa = PBXFileReference; lastKnownFileType = sourcecode.swift; path = StatMonthlyChart.swift; sourceTree = "<group>"; };
		CBE207C128F4C83B00B3D42C /* Stats.swift */ = {isa = PBXFileReference; lastKnownFileType = sourcecode.swift; path = Stats.swift; sourceTree = "<group>"; };
/* End PBXFileReference section */

/* Begin PBXFrameworksBuildPhase section */
		CB40D12E28D5723000995E8B /* Frameworks */ = {
			isa = PBXFrameworksBuildPhase;
			buildActionMask = 2147483647;
			files = (
				CB0C85C228D575C80063AAFB /* BarcodeKit in Frameworks */,
				CB0C85C028D575C80063AAFB /* SwiftSoup in Frameworks */,
			);
			runOnlyForDeploymentPostprocessing = 0;
		};
		CB40D14028D5723000995E8B /* Frameworks */ = {
			isa = PBXFrameworksBuildPhase;
			buildActionMask = 2147483647;
			files = (
			);
			runOnlyForDeploymentPostprocessing = 0;
		};
/* End PBXFrameworksBuildPhase section */

/* Begin PBXGroup section */
		CB0C853928D574D60063AAFB /* ParkRunnings Watch App */ = {
			isa = PBXGroup;
			children = (
				CB0C853D28D574D60063AAFB /* ParkRunApp.swift */,
				CB0C853E28D574D60063AAFB /* Assets.xcassets */,
				CB0C854828D574D60063AAFB /* Data */,
				CB0C854128D574D60063AAFB /* Extensions */,
				CB0C856228D574D60063AAFB /* Views */,
				CB0C853F28D574D60063AAFB /* Preview Content */,
			);
			path = "ParkRunnings Watch App";
			sourceTree = "<group>";
		};
		CB0C853F28D574D60063AAFB /* Preview Content */ = {
			isa = PBXGroup;
			children = (
				CB0C854028D574D60063AAFB /* Preview Assets.xcassets */,
			);
			path = "Preview Content";
			sourceTree = "<group>";
		};
		CB0C854128D574D60063AAFB /* Extensions */ = {
			isa = PBXGroup;
			children = (
				CB0C854228D574D60063AAFB /* View.swift */,
				CB0C854328D574D60063AAFB /* Colour.swift */,
				CB0C854428D574D60063AAFB /* Codable.swift */,
				CB0C854528D574D60063AAFB /* Prefix.swift */,
				CB0C854628D574D60063AAFB /* Values.swift */,
				CBE207B128F1689F00B3D42C /* Set.swift */,
				CB82222D2911DA1600C419D9 /* Random.swift */,
			);
			path = Extensions;
			sourceTree = "<group>";
		};
		CB0C854828D574D60063AAFB /* Data */ = {
			isa = PBXGroup;
			children = (
				CB0C854C28D574D60063AAFB /* ParkRunnings.xcdatamodeld */,
				CB0C854928D574D60063AAFB /* LocationController.swift */,
				CB0C854A28D574D60063AAFB /* RunnerController.swift */,
				CB0C854B28D574D60063AAFB /* DataController.swift */,
				CB0C855E28D574D60063AAFB /* DesignController.swift */,
				CB0C855F28D574D60063AAFB /* EventController.swift */,
				CB0C856028D574D60063AAFB /* SyncController.swift */,
				CB0C856128D574D60063AAFB /* MetaController.swift */,
				CB0C854E28D574D60063AAFB /* Enums */,
				CB0C855128D574D60063AAFB /* Models */,
				CB0C855B28D574D60063AAFB /* Local */,
			);
			path = Data;
			sourceTree = "<group>";
		};
		CB0C854E28D574D60063AAFB /* Enums */ = {
			isa = PBXGroup;
			children = (
				CB0C854F28D574D60063AAFB /* Errors.swift */,
				CB0C855028D574D60063AAFB /* Types.swift */,
				CBB6106728FA53CB001D55A9 /* Watch.swift */,
			);
			path = Enums;
			sourceTree = "<group>";
		};
		CB0C855128D574D60063AAFB /* Models */ = {
			isa = PBXGroup;
			children = (
				CB0C855728D574D60063AAFB /* Common */,
				CB0C855228D574D60063AAFB /* Event.swift */,
				CB0C855328D574D60063AAFB /* Sync.swift */,
				CB0C855428D574D60063AAFB /* Meta.swift */,
				CB0C855528D574D60063AAFB /* Runner.swift */,
				CBE207AF28F1657900B3D42C /* Run.swift */,
				CB0C855628D574D60063AAFB /* State.swift */,
				CB0C855928D574D60063AAFB /* Course.swift */,
				CB0C855A28D574D60063AAFB /* CourseImage.swift */,
				CBE207BB28F27ABE00B3D42C /* Milestone.swift */,
				CBE207C128F4C83B00B3D42C /* Stats.swift */,
				CB754A7C28FE03FF00697B42 /* Results.swift */,
			);
			path = Models;
			sourceTree = "<group>";
		};
		CB0C855728D574D60063AAFB /* Common */ = {
			isa = PBXGroup;
			children = (
				CB0C855828D574D60063AAFB /* Refreshable.swift */,
			);
			path = Common;
			sourceTree = "<group>";
		};
		CB0C855B28D574D60063AAFB /* Local */ = {
			isa = PBXGroup;
			children = (
				CB0C855C28D574D60063AAFB /* map.png */,
				CB0C855D28D574D60063AAFB /* master.json */,
			);
			path = Local;
			sourceTree = "<group>";
		};
		CB0C856228D574D60063AAFB /* Views */ = {
			isa = PBXGroup;
			children = (
				CB0C857C28D574D60063AAFB /* Main */,
				CBA509DC29E233C60005B189 /* About */,
				CB8222292911C1C800C419D9 /* Version */,
				CB0C856328D574D60063AAFB /* Input */,
				CB0C856828D574D60063AAFB /* Setup */,
				CB0C856C28D574D60063AAFB /* Welcome */,
				CB0C856E28D574D60063AAFB /* Common */,
				CB0C857628D574D60063AAFB /* Map */,
				CB0C857828D574D60063AAFB /* Barcode */,
				CB0C858028D574D60063AAFB /* Event */,
				CBE207B328F223D300B3D42C /* Stats */,
				CBB6106E28FD35DC001D55A9 /* Results */,
				CB82222A2911C1DD00C419D9 /* Permission */,
				CB0C858528D574D60063AAFB /* Help */,
			);
			path = Views;
			sourceTree = "<group>";
		};
		CB0C856328D574D60063AAFB /* Input */ = {
			isa = PBXGroup;
			children = (
				CB0C856728D574D60063AAFB /* InputView.swift */,
				CB0C856428D574D60063AAFB /* Elements */,
			);
			path = Input;
			sourceTree = "<group>";
		};
		CB0C856428D574D60063AAFB /* Elements */ = {
			isa = PBXGroup;
			children = (
				CB0C856528D574D60063AAFB /* InputButtonElement.swift */,
				CB0C856628D574D60063AAFB /* InputConfirmationElement.swift */,
			);
			path = Elements;
			sourceTree = "<group>";
		};
		CB0C856828D574D60063AAFB /* Setup */ = {
			isa = PBXGroup;
			children = (
				CB0C856928D574D60063AAFB /* SetupView.swift */,
				CB0C856A28D574D60063AAFB /* Elements */,
			);
			path = Setup;
			sourceTree = "<group>";
		};
		CB0C856A28D574D60063AAFB /* Elements */ = {
			isa = PBXGroup;
			children = (
				CB0C856B28D574D60063AAFB /* SetupDetailsElement.swift */,
			);
			path = Elements;
			sourceTree = "<group>";
		};
		CB0C856C28D574D60063AAFB /* Welcome */ = {
			isa = PBXGroup;
			children = (
				CB0C856D28D574D60063AAFB /* WelcomeView.swift */,
			);
			path = Welcome;
			sourceTree = "<group>";
		};
		CB0C856E28D574D60063AAFB /* Common */ = {
			isa = PBXGroup;
			children = (
				CB0C856F28D574D60063AAFB /* Elements */,
			);
			path = Common;
			sourceTree = "<group>";
		};
		CB0C856F28D574D60063AAFB /* Elements */ = {
			isa = PBXGroup;
			children = (
				CB0C857028D574D60063AAFB /* GeneralElements.swift */,
				CB0C857128D574D60063AAFB /* TextElements.swift */,
				CB0C857228D574D60063AAFB /* CardElement.swift */,
				CB0C857328D574D60063AAFB /* ProgressElements.swift */,
				CB0C857428D574D60063AAFB /* ProfileElements.swift */,
				CB0C857528D574D60063AAFB /* ButtonElements.swift */,
			);
			path = Elements;
			sourceTree = "<group>";
		};
		CB0C857628D574D60063AAFB /* Map */ = {
			isa = PBXGroup;
			children = (
				CB0C857728D574D60063AAFB /* MapView.swift */,
			);
			path = Map;
			sourceTree = "<group>";
		};
		CB0C857828D574D60063AAFB /* Barcode */ = {
			isa = PBXGroup;
			children = (
				CB0C857B28D574D60063AAFB /* BarcodeView.swift */,
				CB0C857928D574D60063AAFB /* Elements */,
			);
			path = Barcode;
			sourceTree = "<group>";
		};
		CB0C857928D574D60063AAFB /* Elements */ = {
			isa = PBXGroup;
			children = (
				CB0C857A28D574D60063AAFB /* BarcodeCardElement.swift */,
			);
			path = Elements;
			sourceTree = "<group>";
		};
		CB0C857C28D574D60063AAFB /* Main */ = {
			isa = PBXGroup;
			children = (
				CB0C857D28D574D60063AAFB /* Elements */,
				CB0C857F28D574D60063AAFB /* MainView.swift */,
			);
			path = Main;
			sourceTree = "<group>";
		};
		CB0C857D28D574D60063AAFB /* Elements */ = {
			isa = PBXGroup;
			children = (
				CB0C857E28D574D60063AAFB /* MainProgressElement.swift */,
			);
			path = Elements;
			sourceTree = "<group>";
		};
		CB0C858028D574D60063AAFB /* Event */ = {
			isa = PBXGroup;
			children = (
				CB0C858128D574D60063AAFB /* EventView.swift */,
				CB0C858228D574D60063AAFB /* Elements */,
			);
			path = Event;
			sourceTree = "<group>";
		};
		CB0C858228D574D60063AAFB /* Elements */ = {
			isa = PBXGroup;
			children = (
				CB0C858328D574D60063AAFB /* EventLocationElement.swift */,
				CB0C858428D574D60063AAFB /* EventListElement.swift */,
			);
			path = Elements;
			sourceTree = "<group>";
		};
		CB0C858528D574D60063AAFB /* Help */ = {
			isa = PBXGroup;
			children = (
				CB0C858628D574D60063AAFB /* HelpView.swift */,
			);
			path = Help;
			sourceTree = "<group>";
		};
		CB40D14628D5723000995E8B /* ParkRunnings Watch AppTests */ = {
			isa = PBXGroup;
			children = (
				CBA509DB29DFBD320005B189 /* ParkRunnings-Watch-AppTests-Info.plist */,
				CB40D14728D5723000995E8B /* RunnerController_Tests.swift */,
				CB9691862AAC07D3004DDB7C /* EventController_Tests.swift */,
			);
			path = "ParkRunnings Watch AppTests";
			sourceTree = "<group>";
		};
		CB8222292911C1C800C419D9 /* Version */ = {
			isa = PBXGroup;
			children = (
				CB82222F291227D400C419D9 /* VersionView.swift */,
			);
			path = Version;
			sourceTree = "<group>";
		};
		CB82222A2911C1DD00C419D9 /* Permission */ = {
			isa = PBXGroup;
			children = (
				CB82222B2911C20500C419D9 /* PermissionView.swift */,
			);
			path = Permission;
			sourceTree = "<group>";
		};
		CBA509DC29E233C60005B189 /* About */ = {
			isa = PBXGroup;
			children = (
				CBA509DD29E233D90005B189 /* AboutView.swift */,
			);
			path = About;
			sourceTree = "<group>";
		};
		CBAE8F0227F7CECE00A66830 = {
			isa = PBXGroup;
			children = (
				CB0C853928D574D60063AAFB /* ParkRunnings Watch App */,
				CB40D14628D5723000995E8B /* ParkRunnings Watch AppTests */,
				CBAE8F0A27F7CECE00A66830 /* Products */,
				CBE106AD27FD575B008AF35B /* Frameworks */,
				CB0C865E28D85F530063AAFB /* README.md */,
				CB96918A2AAC107B004DDB7C /* CHANGELOG.md */,
			);
			sourceTree = "<group>";
		};
		CBAE8F0A27F7CECE00A66830 /* Products */ = {
			isa = PBXGroup;
			children = (
				CB40D12C28D5722F00995E8B /* ParkRunnings.app */,
				CB40D13128D5723000995E8B /* ParkRunnings Watch App.app */,
				CB40D14328D5723000995E8B /* ParkRunnings Watch AppTests.xctest */,
			);
			name = Products;
			sourceTree = "<group>";
		};
		CBB6106928FCDD18001D55A9 /* Charts */ = {
			isa = PBXGroup;
			children = (
				CBB6106C28FCDD4B001D55A9 /* StatLegendElement.swift */,
				CBE207BE28F2878D00B3D42C /* StatMonthlyChart.swift */,
				CBB6106A28FCDD2E001D55A9 /* StatBurndownChart.swift */,
			);
			path = Charts;
			sourceTree = "<group>";
		};
		CBB6106E28FD35DC001D55A9 /* Results */ = {
			isa = PBXGroup;
			children = (
				CBB6106F28FD36A0001D55A9 /* ResultsView.swift */,
				CBB6107228FD36DF001D55A9 /* Elements */,
			);
			path = Results;
			sourceTree = "<group>";
		};
		CBB6107228FD36DF001D55A9 /* Elements */ = {
			isa = PBXGroup;
			children = (
				CBB6107328FD3715001D55A9 /* ResultRunElement.swift */,
				CB754A7E28FF4C3A00697B42 /* ResultTimelineElement.swift */,
				CB754A8029011F6300697B42 /* ResultTitleElement.swift */,
			);
			path = Elements;
			sourceTree = "<group>";
		};
		CBE106AD27FD575B008AF35B /* Frameworks */ = {
			isa = PBXGroup;
			children = (
			);
			name = Frameworks;
			sourceTree = "<group>";
		};
		CBE207B328F223D300B3D42C /* Stats */ = {
			isa = PBXGroup;
			children = (
				CBE207B728F2674300B3D42C /* StatsView.swift */,
				CBE207B428F223EC00B3D42C /* Elements */,
			);
			path = Stats;
			sourceTree = "<group>";
		};
		CBE207B428F223EC00B3D42C /* Elements */ = {
			isa = PBXGroup;
			children = (
				CBB6106928FCDD18001D55A9 /* Charts */,
				CBE207B928F2704E00B3D42C /* StatMilestoneElement.swift */,
				CBB6106528F8CB52001D55A9 /* StatRefreshElement.swift */,
				CBB6106328F8BB3B001D55A9 /* StatTitleElement.swift */,
				CBE207B528F2382D00B3D42C /* StatValueElement.swift */,
			);
			path = Elements;
			sourceTree = "<group>";
		};
/* End PBXGroup section */

/* Begin PBXNativeTarget section */
		CB40D12B28D5722F00995E8B /* ParkRunnings */ = {
			isa = PBXNativeTarget;
			buildConfigurationList = CB40D15928D5723000995E8B /* Build configuration list for PBXNativeTarget "ParkRunnings" */;
			buildPhases = (
				CB40D12A28D5722F00995E8B /* Resources */,
				CB40D15828D5723000995E8B /* Embed Watch Content */,
			);
			buildRules = (
			);
			dependencies = (
				CB40D13428D5723000995E8B /* PBXTargetDependency */,
			);
			name = ParkRunnings;
			productName = ParkRunnings;
			productReference = CB40D12C28D5722F00995E8B /* ParkRunnings.app */;
			productType = "com.apple.product-type.application.watchapp2-container";
		};
		CB40D13028D5723000995E8B /* ParkRunnings Watch App */ = {
			isa = PBXNativeTarget;
			buildConfigurationList = CB40D15528D5723000995E8B /* Build configuration list for PBXNativeTarget "ParkRunnings Watch App" */;
			buildPhases = (
				CB40D12D28D5723000995E8B /* Sources */,
				CB40D12E28D5723000995E8B /* Frameworks */,
				CB40D12F28D5723000995E8B /* Resources */,
				CBE207C028F37E7000B3D42C /* ShellScript */,
			);
			buildRules = (
			);
			dependencies = (
			);
			name = "ParkRunnings Watch App";
			packageProductDependencies = (
				CB0C85BF28D575C80063AAFB /* SwiftSoup */,
				CB0C85C128D575C80063AAFB /* BarcodeKit */,
			);
			productName = "ParkRunnings Watch App";
			productReference = CB40D13128D5723000995E8B /* ParkRunnings Watch App.app */;
			productType = "com.apple.product-type.application";
		};
		CB40D14228D5723000995E8B /* ParkRunnings Watch AppTests */ = {
			isa = PBXNativeTarget;
			buildConfigurationList = CB40D15C28D5723000995E8B /* Build configuration list for PBXNativeTarget "ParkRunnings Watch AppTests" */;
			buildPhases = (
				CB40D13F28D5723000995E8B /* Sources */,
				CB40D14028D5723000995E8B /* Frameworks */,
				CB40D14128D5723000995E8B /* Resources */,
			);
			buildRules = (
			);
			dependencies = (
				CB40D14528D5723000995E8B /* PBXTargetDependency */,
			);
			name = "ParkRunnings Watch AppTests";
			productName = "ParkRunnings Watch AppTests";
			productReference = CB40D14328D5723000995E8B /* ParkRunnings Watch AppTests.xctest */;
			productType = "com.apple.product-type.bundle.unit-test";
		};
/* End PBXNativeTarget section */

/* Begin PBXProject section */
		CBAE8F0327F7CECE00A66830 /* Project object */ = {
			isa = PBXProject;
			attributes = {
				BuildIndependentTargetsInParallel = 1;
				LastSwiftUpdateCheck = 1400;
				LastUpgradeCheck = 1330;
				TargetAttributes = {
					CB40D12B28D5722F00995E8B = {
						CreatedOnToolsVersion = 14.0;
					};
					CB40D13028D5723000995E8B = {
						CreatedOnToolsVersion = 14.0;
					};
					CB40D14228D5723000995E8B = {
						CreatedOnToolsVersion = 14.0;
						TestTargetID = CB40D13028D5723000995E8B;
					};
				};
			};
			buildConfigurationList = CBAE8F0627F7CECE00A66830 /* Build configuration list for PBXProject "ParkRunnings" */;
			compatibilityVersion = "Xcode 13.0";
			developmentRegion = en;
			hasScannedForEncodings = 0;
			knownRegions = (
				en,
				Base,
			);
			mainGroup = CBAE8F0227F7CECE00A66830;
			packageReferences = (
				CBCBB1A328A630C6008CCABB /* XCRemoteSwiftPackageReference "SwiftSoup" */,
				CBCBB1A528A630D3008CCABB /* XCRemoteSwiftPackageReference "BarcodeKit" */,
			);
			productRefGroup = CBAE8F0A27F7CECE00A66830 /* Products */;
			projectDirPath = "";
			projectRoot = "";
			targets = (
				CB40D12B28D5722F00995E8B /* ParkRunnings */,
				CB40D13028D5723000995E8B /* ParkRunnings Watch App */,
				CB40D14228D5723000995E8B /* ParkRunnings Watch AppTests */,
			);
		};
/* End PBXProject section */

/* Begin PBXResourcesBuildPhase section */
		CB40D12A28D5722F00995E8B /* Resources */ = {
			isa = PBXResourcesBuildPhase;
			buildActionMask = 2147483647;
			files = (
			);
			runOnlyForDeploymentPostprocessing = 0;
		};
		CB40D12F28D5723000995E8B /* Resources */ = {
			isa = PBXResourcesBuildPhase;
			buildActionMask = 2147483647;
			files = (
				CB0C85A228D574D60063AAFB /* map.png in Resources */,
				CB0C85A328D574D60063AAFB /* master.json in Resources */,
				CB0C858C28D574D60063AAFB /* Assets.xcassets in Resources */,
				CB0C858D28D574D60063AAFB /* Preview Assets.xcassets in Resources */,
			);
			runOnlyForDeploymentPostprocessing = 0;
		};
		CB40D14128D5723000995E8B /* Resources */ = {
			isa = PBXResourcesBuildPhase;
			buildActionMask = 2147483647;
			files = (
			);
			runOnlyForDeploymentPostprocessing = 0;
		};
/* End PBXResourcesBuildPhase section */

/* Begin PBXShellScriptBuildPhase section */
		CBE207C028F37E7000B3D42C /* ShellScript */ = {
			isa = PBXShellScriptBuildPhase;
			alwaysOutOfDate = 1;
			buildActionMask = 2147483647;
			files = (
			);
			inputFileListPaths = (
			);
			inputPaths = (
			);
			outputFileListPaths = (
			);
			outputPaths = (
				"$(DERIVED_FILE_DIR)/master.json",
			);
			runOnlyForDeploymentPostprocessing = 0;
			shellPath = /bin/sh;
			shellScript = "curl https://storage.googleapis.com/parkrun-au/master.json | json_pp > $PROJECT_DIR/ParkRunnings\\ Watch\\ App/Data/Local/master.json\n";
		};
/* End PBXShellScriptBuildPhase section */

/* Begin PBXSourcesBuildPhase section */
		CB40D12D28D5723000995E8B /* Sources */ = {
			isa = PBXSourcesBuildPhase;
			buildActionMask = 2147483647;
			files = (
				CB0C858F28D574D60063AAFB /* Colour.swift in Sources */,
				CBE207B228F1689F00B3D42C /* Set.swift in Sources */,
				CB82222E2911DA1600C419D9 /* Random.swift in Sources */,
				CB754A7D28FE03FF00697B42 /* Results.swift in Sources */,
				CB0C85B728D574D60063AAFB /* MainProgressElement.swift in Sources */,
				CBB6106428F8BB3B001D55A9 /* StatTitleElement.swift in Sources */,
				CB0C859D28D574D60063AAFB /* Runner.swift in Sources */,
				CB0C85B328D574D60063AAFB /* ButtonElements.swift in Sources */,
				CB0C859628D574D60063AAFB /* DataController.swift in Sources */,
				CBE207BC28F27ABE00B3D42C /* Milestone.swift in Sources */,
				CB0C859E28D574D60063AAFB /* State.swift in Sources */,
				CB0C85BA28D574D60063AAFB /* EventLocationElement.swift in Sources */,
				CB0C85A928D574D60063AAFB /* InputConfirmationElement.swift in Sources */,
				CB0C85B128D574D60063AAFB /* ProgressElements.swift in Sources */,
				CB0C858E28D574D60063AAFB /* View.swift in Sources */,
				CB0C859928D574D60063AAFB /* Types.swift in Sources */,
				CB0C859F28D574D60063AAFB /* Refreshable.swift in Sources */,
				CB0C85A428D574D60063AAFB /* DesignController.swift in Sources */,
				CB0C85BC28D574D60063AAFB /* HelpView.swift in Sources */,
				CB0C85A628D574D60063AAFB /* SyncController.swift in Sources */,
				CB0C85AB28D574D60063AAFB /* SetupView.swift in Sources */,
				CBA509DE29E233D90005B189 /* AboutView.swift in Sources */,
				CB0C859728D574D60063AAFB /* ParkRunnings.xcdatamodeld in Sources */,
				CB0C85A728D574D60063AAFB /* MetaController.swift in Sources */,
				CBE207BA28F2704E00B3D42C /* StatMilestoneElement.swift in Sources */,
				CB0C859028D574D60063AAFB /* Codable.swift in Sources */,
				CB0C858B28D574D60063AAFB /* ParkRunApp.swift in Sources */,
				CBE207C228F4C83B00B3D42C /* Stats.swift in Sources */,
				CB0C85B428D574D60063AAFB /* MapView.swift in Sources */,
				CB0C85B528D574D60063AAFB /* BarcodeCardElement.swift in Sources */,
				CBE207BF28F2878D00B3D42C /* StatMonthlyChart.swift in Sources */,
				CBB6106628F8CB52001D55A9 /* StatRefreshElement.swift in Sources */,
				CBB6106828FA53CB001D55A9 /* Watch.swift in Sources */,
				CB0C85B228D574D60063AAFB /* ProfileElements.swift in Sources */,
				CBB6106D28FCDD4B001D55A9 /* StatLegendElement.swift in Sources */,
				CB0C859828D574D60063AAFB /* Errors.swift in Sources */,
				CB0C859C28D574D60063AAFB /* Meta.swift in Sources */,
				CB0C85BB28D574D60063AAFB /* EventListElement.swift in Sources */,
				CB0C85A028D574D60063AAFB /* Course.swift in Sources */,
				CB0C859B28D574D60063AAFB /* Sync.swift in Sources */,
				CBB6106B28FCDD2E001D55A9 /* StatBurndownChart.swift in Sources */,
				CB0C859A28D574D60063AAFB /* Event.swift in Sources */,
				CB0C85A128D574D60063AAFB /* CourseImage.swift in Sources */,
				CB0C85AC28D574D60063AAFB /* SetupDetailsElement.swift in Sources */,
				CBE207B028F1657900B3D42C /* Run.swift in Sources */,
				CBE207B828F2674300B3D42C /* StatsView.swift in Sources */,
				CB0C85AF28D574D60063AAFB /* TextElements.swift in Sources */,
				CB0C85B828D574D60063AAFB /* MainView.swift in Sources */,
				CBE207B628F2382D00B3D42C /* StatValueElement.swift in Sources */,
				CB0C85A528D574D60063AAFB /* EventController.swift in Sources */,
				CB822230291227D400C419D9 /* VersionView.swift in Sources */,
				CBB6107428FD3715001D55A9 /* ResultRunElement.swift in Sources */,
				CB754A8129011F6300697B42 /* ResultTitleElement.swift in Sources */,
				CB0C85B628D574D60063AAFB /* BarcodeView.swift in Sources */,
				CB82222C2911C20500C419D9 /* PermissionView.swift in Sources */,
				CB754A7F28FF4C3A00697B42 /* ResultTimelineElement.swift in Sources */,
				CB0C85B028D574D60063AAFB /* CardElement.swift in Sources */,
				CB0C859128D574D60063AAFB /* Prefix.swift in Sources */,
				CBB6107028FD36A0001D55A9 /* ResultsView.swift in Sources */,
				CB0C859228D574D60063AAFB /* Values.swift in Sources */,
				CB0C859428D574D60063AAFB /* LocationController.swift in Sources */,
				CB0C85AD28D574D60063AAFB /* WelcomeView.swift in Sources */,
				CB0C85B928D574D60063AAFB /* EventView.swift in Sources */,
				CB0C85A828D574D60063AAFB /* InputButtonElement.swift in Sources */,
				CB0C85AA28D574D60063AAFB /* InputView.swift in Sources */,
				CB0C859528D574D60063AAFB /* RunnerController.swift in Sources */,
				CB0C85AE28D574D60063AAFB /* GeneralElements.swift in Sources */,
			);
			runOnlyForDeploymentPostprocessing = 0;
		};
		CB40D13F28D5723000995E8B /* Sources */ = {
			isa = PBXSourcesBuildPhase;
			buildActionMask = 2147483647;
			files = (
				CB9691872AAC07D3004DDB7C /* EventController_Tests.swift in Sources */,
				CB40D14828D5723000995E8B /* RunnerController_Tests.swift in Sources */,
			);
			runOnlyForDeploymentPostprocessing = 0;
		};
/* End PBXSourcesBuildPhase section */

/* Begin PBXTargetDependency section */
		CB40D13428D5723000995E8B /* PBXTargetDependency */ = {
			isa = PBXTargetDependency;
			target = CB40D13028D5723000995E8B /* ParkRunnings Watch App */;
			targetProxy = CB40D13328D5723000995E8B /* PBXContainerItemProxy */;
		};
		CB40D14528D5723000995E8B /* PBXTargetDependency */ = {
			isa = PBXTargetDependency;
			target = CB40D13028D5723000995E8B /* ParkRunnings Watch App */;
			targetProxy = CB40D14428D5723000995E8B /* PBXContainerItemProxy */;
		};
/* End PBXTargetDependency section */

/* Begin XCBuildConfiguration section */
		CB40D15628D5723000995E8B /* Debug */ = {
			isa = XCBuildConfiguration;
			buildSettings = {
				ASSETCATALOG_COMPILER_APPICON_NAME = AppIcon;
				ASSETCATALOG_COMPILER_GLOBAL_ACCENT_COLOR_NAME = AccentColor;
				CLANG_CXX_LANGUAGE_STANDARD = "gnu++20";
				CODE_SIGN_STYLE = Automatic;
				CURRENT_PROJECT_VERSION = 3;
				DEVELOPMENT_ASSET_PATHS = "\"ParkRunnings Watch App/Preview Content\"";
				DEVELOPMENT_TEAM = JW5G6WB9V7;
				ENABLE_PREVIEWS = YES;
				GENERATE_INFOPLIST_FILE = YES;
				INFOPLIST_FILE = "ParkRunnings-Watch-App-Info.plist";
				INFOPLIST_KEY_CFBundleDisplayName = ParkRunnings;
				INFOPLIST_KEY_NSLocationAlwaysAndWhenInUseUsageDescription = "Used to find nearby ParkRun events";
				INFOPLIST_KEY_NSLocationWhenInUseUsageDescription = "Used to find nearby ParkRun events";
				INFOPLIST_KEY_UISupportedInterfaceOrientations = "UIInterfaceOrientationPortrait UIInterfaceOrientationPortraitUpsideDown";
				INFOPLIST_KEY_WKWatchOnly = YES;
				LD_RUNPATH_SEARCH_PATHS = (
					"$(inherited)",
					"@executable_path/Frameworks",
				);
				MARKETING_VERSION = 1.3;
				PRODUCT_BUNDLE_IDENTIFIER = schacher.ParkRunnings.watchkitapp;
				PRODUCT_NAME = "$(TARGET_NAME)";
				SDKROOT = watchos;
				SKIP_INSTALL = YES;
				SWIFT_EMIT_LOC_STRINGS = YES;
				SWIFT_VERSION = 5.0;
				TARGETED_DEVICE_FAMILY = 4;
				WATCHOS_DEPLOYMENT_TARGET = 8.3;
			};
			name = Debug;
		};
		CB40D15728D5723000995E8B /* Release */ = {
			isa = XCBuildConfiguration;
			buildSettings = {
				ASSETCATALOG_COMPILER_APPICON_NAME = AppIcon;
				ASSETCATALOG_COMPILER_GLOBAL_ACCENT_COLOR_NAME = AccentColor;
				CLANG_CXX_LANGUAGE_STANDARD = "gnu++20";
				CODE_SIGN_STYLE = Automatic;
				CURRENT_PROJECT_VERSION = 3;
				DEVELOPMENT_ASSET_PATHS = "\"ParkRunnings Watch App/Preview Content\"";
				DEVELOPMENT_TEAM = JW5G6WB9V7;
				ENABLE_PREVIEWS = YES;
				GENERATE_INFOPLIST_FILE = YES;
				INFOPLIST_FILE = "ParkRunnings-Watch-App-Info.plist";
				INFOPLIST_KEY_CFBundleDisplayName = ParkRunnings;
				INFOPLIST_KEY_NSLocationAlwaysAndWhenInUseUsageDescription = "Used to find nearby ParkRun events";
				INFOPLIST_KEY_NSLocationWhenInUseUsageDescription = "Used to find nearby ParkRun events";
				INFOPLIST_KEY_UISupportedInterfaceOrientations = "UIInterfaceOrientationPortrait UIInterfaceOrientationPortraitUpsideDown";
				INFOPLIST_KEY_WKWatchOnly = YES;
				LD_RUNPATH_SEARCH_PATHS = (
					"$(inherited)",
					"@executable_path/Frameworks",
				);
				MARKETING_VERSION = 1.3;
				PRODUCT_BUNDLE_IDENTIFIER = schacher.ParkRunnings.watchkitapp;
				PRODUCT_NAME = "$(TARGET_NAME)";
				SDKROOT = watchos;
				SKIP_INSTALL = YES;
				SWIFT_EMIT_LOC_STRINGS = YES;
				SWIFT_VERSION = 5.0;
				TARGETED_DEVICE_FAMILY = 4;
				WATCHOS_DEPLOYMENT_TARGET = 8.3;
			};
			name = Release;
		};
		CB40D15A28D5723000995E8B /* Debug */ = {
			isa = XCBuildConfiguration;
			buildSettings = {
				ALWAYS_EMBED_SWIFT_STANDARD_LIBRARIES = YES;
				CLANG_CXX_LANGUAGE_STANDARD = "gnu++20";
				CODE_SIGN_STYLE = Automatic;
				CURRENT_PROJECT_VERSION = 2;
				DEVELOPMENT_TEAM = JW5G6WB9V7;
				INFOPLIST_KEY_CFBundleDisplayName = ParkRunnings;
				IPHONEOS_DEPLOYMENT_TARGET = 13.0;
				MARKETING_VERSION = 1.3;
				PRODUCT_BUNDLE_IDENTIFIER = schacher.ParkRunnings;
				PRODUCT_NAME = "$(TARGET_NAME)";
				SWIFT_VERSION = 5.0;
			};
			name = Debug;
		};
		CB40D15B28D5723000995E8B /* Release */ = {
			isa = XCBuildConfiguration;
			buildSettings = {
				ALWAYS_EMBED_SWIFT_STANDARD_LIBRARIES = YES;
				CLANG_CXX_LANGUAGE_STANDARD = "gnu++20";
				CODE_SIGN_STYLE = Automatic;
				CURRENT_PROJECT_VERSION = 2;
				DEVELOPMENT_TEAM = JW5G6WB9V7;
				INFOPLIST_KEY_CFBundleDisplayName = ParkRunnings;
				IPHONEOS_DEPLOYMENT_TARGET = 13.0;
				MARKETING_VERSION = 1.3;
				PRODUCT_BUNDLE_IDENTIFIER = schacher.ParkRunnings;
				PRODUCT_NAME = "$(TARGET_NAME)";
				SWIFT_VERSION = 5.0;
			};
			name = Release;
		};
		CB40D15D28D5723000995E8B /* Debug */ = {
			isa = XCBuildConfiguration;
			buildSettings = {
				ALWAYS_EMBED_SWIFT_STANDARD_LIBRARIES = YES;
				BUNDLE_LOADER = "$(TEST_HOST)";
				CLANG_CXX_LANGUAGE_STANDARD = "gnu++20";
				CODE_SIGN_STYLE = Automatic;
				CURRENT_PROJECT_VERSION = 2;
				DEVELOPMENT_TEAM = JW5G6WB9V7;
				GENERATE_INFOPLIST_FILE = YES;
				INFOPLIST_FILE = "ParkRunnings-Watch-AppTests-Info.plist";
				INFOPLIST_KEY_LSApplicationCategoryType = "";
				MARKETING_VERSION = 1.3;
				PRODUCT_BUNDLE_IDENTIFIER = "schacher.ParkRunnings-Watch-AppTests";
				PRODUCT_NAME = "$(TARGET_NAME)";
				SDKROOT = watchos;
				SWIFT_EMIT_LOC_STRINGS = NO;
				SWIFT_VERSION = 5.0;
				TARGETED_DEVICE_FAMILY = 4;
				TEST_HOST = "$(BUILT_PRODUCTS_DIR)/ParkRunnings Watch App.app/$(BUNDLE_EXECUTABLE_FOLDER_PATH)/ParkRunnings Watch App";
				WATCHOS_DEPLOYMENT_TARGET = 8.4;
			};
			name = Debug;
		};
		CB40D15E28D5723000995E8B /* Release */ = {
			isa = XCBuildConfiguration;
			buildSettings = {
				ALWAYS_EMBED_SWIFT_STANDARD_LIBRARIES = YES;
				BUNDLE_LOADER = "$(TEST_HOST)";
				CLANG_CXX_LANGUAGE_STANDARD = "gnu++20";
				CODE_SIGN_STYLE = Automatic;
				CURRENT_PROJECT_VERSION = 2;
				DEVELOPMENT_TEAM = JW5G6WB9V7;
				GENERATE_INFOPLIST_FILE = YES;
				INFOPLIST_FILE = "ParkRunnings-Watch-AppTests-Info.plist";
				INFOPLIST_KEY_LSApplicationCategoryType = "";
				MARKETING_VERSION = 1.3;
				PRODUCT_BUNDLE_IDENTIFIER = "schacher.ParkRunnings-Watch-AppTests";
				PRODUCT_NAME = "$(TARGET_NAME)";
				SDKROOT = watchos;
				SWIFT_EMIT_LOC_STRINGS = NO;
				SWIFT_VERSION = 5.0;
				TARGETED_DEVICE_FAMILY = 4;
				TEST_HOST = "$(BUILT_PRODUCTS_DIR)/ParkRunnings Watch App.app/$(BUNDLE_EXECUTABLE_FOLDER_PATH)/ParkRunnings Watch App";
				WATCHOS_DEPLOYMENT_TARGET = 8.4;
			};
			name = Release;
		};
		CBAE8F4427F7CED100A66830 /* Debug */ = {
			isa = XCBuildConfiguration;
			buildSettings = {
				ALWAYS_SEARCH_USER_PATHS = NO;
				CLANG_ANALYZER_NONNULL = YES;
				CLANG_ANALYZER_NUMBER_OBJECT_CONVERSION = YES_AGGRESSIVE;
				CLANG_CXX_LANGUAGE_STANDARD = "gnu++17";
				CLANG_ENABLE_MODULES = YES;
				CLANG_ENABLE_OBJC_ARC = YES;
				CLANG_ENABLE_OBJC_WEAK = YES;
				CLANG_WARN_BLOCK_CAPTURE_AUTORELEASING = YES;
				CLANG_WARN_BOOL_CONVERSION = YES;
				CLANG_WARN_COMMA = YES;
				CLANG_WARN_CONSTANT_CONVERSION = YES;
				CLANG_WARN_DEPRECATED_OBJC_IMPLEMENTATIONS = YES;
				CLANG_WARN_DIRECT_OBJC_ISA_USAGE = YES_ERROR;
				CLANG_WARN_DOCUMENTATION_COMMENTS = YES;
				CLANG_WARN_EMPTY_BODY = YES;
				CLANG_WARN_ENUM_CONVERSION = YES;
				CLANG_WARN_INFINITE_RECURSION = YES;
				CLANG_WARN_INT_CONVERSION = YES;
				CLANG_WARN_NON_LITERAL_NULL_CONVERSION = YES;
				CLANG_WARN_OBJC_IMPLICIT_RETAIN_SELF = YES;
				CLANG_WARN_OBJC_LITERAL_CONVERSION = YES;
				CLANG_WARN_OBJC_ROOT_CLASS = YES_ERROR;
				CLANG_WARN_QUOTED_INCLUDE_IN_FRAMEWORK_HEADER = YES;
				CLANG_WARN_RANGE_LOOP_ANALYSIS = YES;
				CLANG_WARN_STRICT_PROTOTYPES = YES;
				CLANG_WARN_SUSPICIOUS_MOVE = YES;
				CLANG_WARN_UNGUARDED_AVAILABILITY = YES_AGGRESSIVE;
				CLANG_WARN_UNREACHABLE_CODE = YES;
				CLANG_WARN__DUPLICATE_METHOD_MATCH = YES;
				COPY_PHASE_STRIP = NO;
				DEBUG_INFORMATION_FORMAT = dwarf;
				ENABLE_STRICT_OBJC_MSGSEND = YES;
				ENABLE_TESTABILITY = YES;
				GCC_C_LANGUAGE_STANDARD = gnu11;
				GCC_DYNAMIC_NO_PIC = NO;
				GCC_NO_COMMON_BLOCKS = YES;
				GCC_OPTIMIZATION_LEVEL = 0;
				GCC_PREPROCESSOR_DEFINITIONS = (
					"DEBUG=1",
					"$(inherited)",
				);
				GCC_WARN_64_TO_32_BIT_CONVERSION = YES;
				GCC_WARN_ABOUT_RETURN_TYPE = YES_ERROR;
				GCC_WARN_UNDECLARED_SELECTOR = YES;
				GCC_WARN_UNINITIALIZED_AUTOS = YES_AGGRESSIVE;
				GCC_WARN_UNUSED_FUNCTION = YES;
				GCC_WARN_UNUSED_VARIABLE = YES;
				MTL_ENABLE_DEBUG_INFO = INCLUDE_SOURCE;
				MTL_FAST_MATH = YES;
				ONLY_ACTIVE_ARCH = YES;
				SDKROOT = iphoneos;
				SWIFT_ACTIVE_COMPILATION_CONDITIONS = DEBUG;
				SWIFT_OPTIMIZATION_LEVEL = "-Onone";
			};
			name = Debug;
		};
		CBAE8F4527F7CED100A66830 /* Release */ = {
			isa = XCBuildConfiguration;
			buildSettings = {
				ALWAYS_SEARCH_USER_PATHS = NO;
				CLANG_ANALYZER_NONNULL = YES;
				CLANG_ANALYZER_NUMBER_OBJECT_CONVERSION = YES_AGGRESSIVE;
				CLANG_CXX_LANGUAGE_STANDARD = "gnu++17";
				CLANG_ENABLE_MODULES = YES;
				CLANG_ENABLE_OBJC_ARC = YES;
				CLANG_ENABLE_OBJC_WEAK = YES;
				CLANG_WARN_BLOCK_CAPTURE_AUTORELEASING = YES;
				CLANG_WARN_BOOL_CONVERSION = YES;
				CLANG_WARN_COMMA = YES;
				CLANG_WARN_CONSTANT_CONVERSION = YES;
				CLANG_WARN_DEPRECATED_OBJC_IMPLEMENTATIONS = YES;
				CLANG_WARN_DIRECT_OBJC_ISA_USAGE = YES_ERROR;
				CLANG_WARN_DOCUMENTATION_COMMENTS = YES;
				CLANG_WARN_EMPTY_BODY = YES;
				CLANG_WARN_ENUM_CONVERSION = YES;
				CLANG_WARN_INFINITE_RECURSION = YES;
				CLANG_WARN_INT_CONVERSION = YES;
				CLANG_WARN_NON_LITERAL_NULL_CONVERSION = YES;
				CLANG_WARN_OBJC_IMPLICIT_RETAIN_SELF = YES;
				CLANG_WARN_OBJC_LITERAL_CONVERSION = YES;
				CLANG_WARN_OBJC_ROOT_CLASS = YES_ERROR;
				CLANG_WARN_QUOTED_INCLUDE_IN_FRAMEWORK_HEADER = YES;
				CLANG_WARN_RANGE_LOOP_ANALYSIS = YES;
				CLANG_WARN_STRICT_PROTOTYPES = YES;
				CLANG_WARN_SUSPICIOUS_MOVE = YES;
				CLANG_WARN_UNGUARDED_AVAILABILITY = YES_AGGRESSIVE;
				CLANG_WARN_UNREACHABLE_CODE = YES;
				CLANG_WARN__DUPLICATE_METHOD_MATCH = YES;
				COPY_PHASE_STRIP = NO;
				DEBUG_INFORMATION_FORMAT = "dwarf-with-dsym";
				ENABLE_NS_ASSERTIONS = NO;
				ENABLE_STRICT_OBJC_MSGSEND = YES;
				GCC_C_LANGUAGE_STANDARD = gnu11;
				GCC_NO_COMMON_BLOCKS = YES;
				GCC_WARN_64_TO_32_BIT_CONVERSION = YES;
				GCC_WARN_ABOUT_RETURN_TYPE = YES_ERROR;
				GCC_WARN_UNDECLARED_SELECTOR = YES;
				GCC_WARN_UNINITIALIZED_AUTOS = YES_AGGRESSIVE;
				GCC_WARN_UNUSED_FUNCTION = YES;
				GCC_WARN_UNUSED_VARIABLE = YES;
				MTL_ENABLE_DEBUG_INFO = NO;
				MTL_FAST_MATH = YES;
				SDKROOT = iphoneos;
				SWIFT_COMPILATION_MODE = wholemodule;
				SWIFT_OPTIMIZATION_LEVEL = "-O";
				VALIDATE_PRODUCT = YES;
			};
			name = Release;
		};
/* End XCBuildConfiguration section */

/* Begin XCConfigurationList section */
		CB40D15528D5723000995E8B /* Build configuration list for PBXNativeTarget "ParkRunnings Watch App" */ = {
			isa = XCConfigurationList;
			buildConfigurations = (
				CB40D15628D5723000995E8B /* Debug */,
				CB40D15728D5723000995E8B /* Release */,
			);
			defaultConfigurationIsVisible = 0;
			defaultConfigurationName = Release;
		};
		CB40D15928D5723000995E8B /* Build configuration list for PBXNativeTarget "ParkRunnings" */ = {
			isa = XCConfigurationList;
			buildConfigurations = (
				CB40D15A28D5723000995E8B /* Debug */,
				CB40D15B28D5723000995E8B /* Release */,
			);
			defaultConfigurationIsVisible = 0;
			defaultConfigurationName = Release;
		};
		CB40D15C28D5723000995E8B /* Build configuration list for PBXNativeTarget "ParkRunnings Watch AppTests" */ = {
			isa = XCConfigurationList;
			buildConfigurations = (
				CB40D15D28D5723000995E8B /* Debug */,
				CB40D15E28D5723000995E8B /* Release */,
			);
			defaultConfigurationIsVisible = 0;
			defaultConfigurationName = Release;
		};
		CBAE8F0627F7CECE00A66830 /* Build configuration list for PBXProject "ParkRunnings" */ = {
			isa = XCConfigurationList;
			buildConfigurations = (
				CBAE8F4427F7CED100A66830 /* Debug */,
				CBAE8F4527F7CED100A66830 /* Release */,
			);
			defaultConfigurationIsVisible = 0;
			defaultConfigurationName = Release;
		};
/* End XCConfigurationList section */

/* Begin XCRemoteSwiftPackageReference section */
		CBCBB1A328A630C6008CCABB /* XCRemoteSwiftPackageReference "SwiftSoup" */ = {
			isa = XCRemoteSwiftPackageReference;
			repositoryURL = "https://github.com/scinfu/SwiftSoup.git";
			requirement = {
				kind = upToNextMajorVersion;
				minimumVersion = 2.0.0;
			};
		};
		CBCBB1A528A630D3008CCABB /* XCRemoteSwiftPackageReference "BarcodeKit" */ = {
			isa = XCRemoteSwiftPackageReference;
			repositoryURL = "https://github.com/quoimec/BarcodeKit.git";
			requirement = {
				branch = main;
				kind = branch;
			};
		};
/* End XCRemoteSwiftPackageReference section */

/* Begin XCSwiftPackageProductDependency section */
		CB0C85BF28D575C80063AAFB /* SwiftSoup */ = {
			isa = XCSwiftPackageProductDependency;
			package = CBCBB1A328A630C6008CCABB /* XCRemoteSwiftPackageReference "SwiftSoup" */;
			productName = SwiftSoup;
		};
		CB0C85C128D575C80063AAFB /* BarcodeKit */ = {
			isa = XCSwiftPackageProductDependency;
			package = CBCBB1A528A630D3008CCABB /* XCRemoteSwiftPackageReference "BarcodeKit" */;
			productName = BarcodeKit;
		};
/* End XCSwiftPackageProductDependency section */

/* Begin XCVersionGroup section */
		CB0C854C28D574D60063AAFB /* ParkRunnings.xcdatamodeld */ = {
			isa = XCVersionGroup;
			children = (
				CB0C854D28D574D60063AAFB /* Data.xcdatamodel */,
			);
			currentVersion = CB0C854D28D574D60063AAFB /* Data.xcdatamodel */;
			path = ParkRunnings.xcdatamodeld;
			sourceTree = "<group>";
			versionGroupType = wrapper.xcdatamodel;
		};
/* End XCVersionGroup section */
	};
	rootObject = CBAE8F0327F7CECE00A66830 /* Project object */;
}
