{
  "originHash" : "86f51dacaa8d22b0e77e0b74ca5728c336482cfdee4974144a67058daf743fb3",
  "pins" : [
    {
      "identity" : "barcodekit",
      "kind" : "remoteSourceControl",
      "location" : "https://github.com/quoimec/BarcodeKit.git",
      "state" : {
        "branch" : "main",
        "revision" : "e9803cbc66a59b6db6f0dffa4445c870e50e6eb0"
      }
    },
    {
      "identity" : "swiftsoup",
      "kind" : "remoteSourceControl",
      "location" : "https://github.com/scinfu/SwiftSoup.git",
      "state" : {
        "revision" : "028487d4a8a291b2fe1b4392b5425b6172056148",
        "version" : "2.7.2"
      }
    }
  ],
  "version" : 3
}
